// !$*UTF8*$!
{
	archiveVersion = 1;
	classes = {
	};
	objectVersion = 77;
	objects = {

/* Begin PBXBuildFile section */
		8D3636DC2D25274B001B465F /* KTVTests.swift in Sources */ = {isa = PBXBuildFile; fileRef = 8D3636DA2D25274B001B465F /* KTVTests.swift */; };
		8D3636E82D252755001B465F /* Assets.xcassets in Resources */ = {isa = PBXBuildFile; fileRef = 8D3636DE2D252755001B465F /* Assets.xcassets */; };
		8D3636E92D252755001B465F /* Colors.xcassets in Resources */ = {isa = PBXBuildFile; fileRef = 8D3636DF2D252755001B465F /* Colors.xcassets */; };
		8D3636EB2D252755001B465F /* LaunchScreen.storyboard in Resources */ = {isa = PBXBuildFile; fileRef = 8D3636E22D252755001B465F /* LaunchScreen.storyboard */; };
		8D3636EC2D252755001B465F /* Main.storyboard in Resources */ = {isa = PBXBuildFile; fileRef = 8D3636E52D252755001B465F /* Main.storyboard */; };
		8D3636ED2D252755001B465F /* AppDelegate.swift in Sources */ = {isa = PBXBuildFile; fileRef = 8D3636DD2D252755001B465F /* AppDelegate.swift */; };
		8D3636EE2D252755001B465F /* LoginVC.swift in Sources */ = {isa = PBXBuildFile; fileRef = 8D3636E32D252755001B465F /* LoginVC.swift */; };
		8D3636EF2D252755001B465F /* SceneDelegate.swift in Sources */ = {isa = PBXBuildFile; fileRef = 8D3636E62D252755001B465F /* SceneDelegate.swift */; };
		8D3636F32D252758001B465F /* KTVUITests.swift in Sources */ = {isa = PBXBuildFile; fileRef = 8D3636F02D252758001B465F /* KTVUITests.swift */; };
		8D3636F42D252758001B465F /* KTVUITestsLaunchTests.swift in Sources */ = {isa = PBXBuildFile; fileRef = 8D3636F12D252758001B465F /* KTVUITestsLaunchTests.swift */; };
/* End PBXBuildFile section */

/* Begin PBXContainerItemProxy section */
		05FBBC492D1D3D300051BAF9 /* PBXContainerItemProxy */ = {
			isa = PBXContainerItemProxy;
			containerPortal = 05FBBC2A2D1D3D2E0051BAF9 /* Project object */;
			proxyType = 1;
			remoteGlobalIDString = 05FBBC312D1D3D2E0051BAF9;
			remoteInfo = KTV;
		};
		05FBBC532D1D3D300051BAF9 /* PBXContainerItemProxy */ = {
			isa = PBXContainerItemProxy;
			containerPortal = 05FBBC2A2D1D3D2E0051BAF9 /* Project object */;
			proxyType = 1;
			remoteGlobalIDString = 05FBBC312D1D3D2E0051BAF9;
			remoteInfo = KTV;
		};
/* End PBXContainerItemProxy section */

/* Begin PBXFileReference section */
		05FBBC322D1D3D2E0051BAF9 /* KTV.app */ = {isa = PBXFileReference; explicitFileType = wrapper.application; includeInIndex = 0; path = KTV.app; sourceTree = BUILT_PRODUCTS_DIR; };
		05FBBC482D1D3D300051BAF9 /* KTVTests.xctest */ = {isa = PBXFileReference; explicitFileType = wrapper.cfbundle; includeInIndex = 0; path = KTVTests.xctest; sourceTree = BUILT_PRODUCTS_DIR; };
		05FBBC522D1D3D300051BAF9 /* KTVUITests.xctest */ = {isa = PBXFileReference; explicitFileType = wrapper.cfbundle; includeInIndex = 0; path = KTVUITests.xctest; sourceTree = BUILT_PRODUCTS_DIR; };
		8D3636DA2D25274B001B465F /* KTVTests.swift */ = {isa = PBXFileReference; lastKnownFileType = sourcecode.swift; path = KTVTests.swift; sourceTree = "<group>"; };
		8D3636DD2D252755001B465F /* AppDelegate.swift */ = {isa = PBXFileReference; lastKnownFileType = sourcecode.swift; path = AppDelegate.swift; sourceTree = "<group>"; };
		8D3636DE2D252755001B465F /* Assets.xcassets */ = {isa = PBXFileReference; lastKnownFileType = folder.assetcatalog; path = Assets.xcassets; sourceTree = "<group>"; };
		8D3636DF2D252755001B465F /* Colors.xcassets */ = {isa = PBXFileReference; lastKnownFileType = folder.assetcatalog; path = Colors.xcassets; sourceTree = "<group>"; };
		8D3636E02D252755001B465F /* Info.plist */ = {isa = PBXFileReference; lastKnownFileType = text.plist.xml; path = Info.plist; sourceTree = "<group>"; };
		8D3636E12D252755001B465F /* Base */ = {isa = PBXFileReference; lastKnownFileType = file.storyboard; name = Base; path = Base.lproj/LaunchScreen.storyboard; sourceTree = "<group>"; };
		8D3636E32D252755001B465F /* LoginVC.swift */ = {isa = PBXFileReference; lastKnownFileType = sourcecode.swift; path = LoginVC.swift; sourceTree = "<group>"; };
		8D3636E42D252755001B465F /* Base */ = {isa = PBXFileReference; lastKnownFileType = file.storyboard; name = Base; path = Base.lproj/Main.storyboard; sourceTree = "<group>"; };
		8D3636E62D252755001B465F /* SceneDelegate.swift */ = {isa = PBXFileReference; lastKnownFileType = sourcecode.swift; path = SceneDelegate.swift; sourceTree = "<group>"; };
		8D3636F02D252758001B465F /* KTVUITests.swift */ = {isa = PBXFileReference; lastKnownFileType = sourcecode.swift; path = KTVUITests.swift; sourceTree = "<group>"; };
		8D3636F12D252758001B465F /* KTVUITestsLaunchTests.swift */ = {isa = PBXFileReference; lastKnownFileType = sourcecode.swift; path = KTVUITestsLaunchTests.swift; sourceTree = "<group>"; };
/* End PBXFileReference section */

/* Begin PBXFrameworksBuildPhase section */
		05FBBC2F2D1D3D2E0051BAF9 /* Frameworks */ = {
			isa = PBXFrameworksBuildPhase;
			buildActionMask = 2147483647;
			files = (
			);
			runOnlyForDeploymentPostprocessing = 0;
		};
		05FBBC452D1D3D300051BAF9 /* Frameworks */ = {
			isa = PBXFrameworksBuildPhase;
			buildActionMask = 2147483647;
			files = (
			);
			runOnlyForDeploymentPostprocessing = 0;
		};
		05FBBC4F2D1D3D300051BAF9 /* Frameworks */ = {
			isa = PBXFrameworksBuildPhase;
			buildActionMask = 2147483647;
			files = (
			);
			runOnlyForDeploymentPostprocessing = 0;
		};
/* End PBXFrameworksBuildPhase section */

/* Begin PBXGroup section */
		05FBBC292D1D3D2E0051BAF9 = {
			isa = PBXGroup;
			children = (
				8D3636E72D252755001B465F /* KTV */,
				8D3636DB2D25274B001B465F /* KTVTests */,
				8D3636F22D252758001B465F /* KTVUITests */,
				05FBBC332D1D3D2E0051BAF9 /* Products */,
			);
			sourceTree = "<group>";
		};
		05FBBC332D1D3D2E0051BAF9 /* Products */ = {
			isa = PBXGroup;
			children = (
				05FBBC322D1D3D2E0051BAF9 /* KTV.app */,
				05FBBC482D1D3D300051BAF9 /* KTVTests.xctest */,
				05FBBC522D1D3D300051BAF9 /* KTVUITests.xctest */,
			);
			name = Products;
			sourceTree = "<group>";
		};
		8D3636DB2D25274B001B465F /* KTVTests */ = {
			isa = PBXGroup;
			children = (
				8D3636DA2D25274B001B465F /* KTVTests.swift */,
			);
			path = KTVTests;
			sourceTree = "<group>";
		};
		8D3636E72D252755001B465F /* KTV */ = {
			isa = PBXGroup;
			children = (
				8D3636DD2D252755001B465F /* AppDelegate.swift */,
				8D3636DE2D252755001B465F /* Assets.xcassets */,
				8D3636DF2D252755001B465F /* Colors.xcassets */,
				8D3636E02D252755001B465F /* Info.plist */,
				8D3636E22D252755001B465F /* LaunchScreen.storyboard */,
				8D3636E32D252755001B465F /* LoginVC.swift */,
				8D3636E52D252755001B465F /* Main.storyboard */,
				8D3636E62D252755001B465F /* SceneDelegate.swift */,
			);
			path = KTV;
			sourceTree = "<group>";
		};
		8D3636F22D252758001B465F /* KTVUITests */ = {
			isa = PBXGroup;
			children = (
				8D3636F02D252758001B465F /* KTVUITests.swift */,
				8D3636F12D252758001B465F /* KTVUITestsLaunchTests.swift */,
			);
			path = KTVUITests;
			sourceTree = "<group>";
		};
/* End PBXGroup section */

/* Begin PBXNativeTarget section */
		05FBBC312D1D3D2E0051BAF9 /* KTV */ = {
			isa = PBXNativeTarget;
			buildConfigurationList = 05FBBC5B2D1D3D300051BAF9 /* Build configuration list for PBXNativeTarget "KTV" */;
			buildPhases = (
				05FBBC2E2D1D3D2E0051BAF9 /* Sources */,
				05FBBC2F2D1D3D2E0051BAF9 /* Frameworks */,
				05FBBC302D1D3D2E0051BAF9 /* Resources */,
			);
			buildRules = (
			);
			dependencies = (
			);
			name = KTV;
			packageProductDependencies = (
			);
			productName = KTV;
			productReference = 05FBBC322D1D3D2E0051BAF9 /* KTV.app */;
			productType = "com.apple.product-type.application";
		};
		05FBBC472D1D3D300051BAF9 /* KTVTests */ = {
			isa = PBXNativeTarget;
			buildConfigurationList = 05FBBC602D1D3D300051BAF9 /* Build configuration list for PBXNativeTarget "KTVTests" */;
			buildPhases = (
				05FBBC442D1D3D300051BAF9 /* Sources */,
				05FBBC452D1D3D300051BAF9 /* Frameworks */,
				05FBBC462D1D3D300051BAF9 /* Resources */,
			);
			buildRules = (
			);
			dependencies = (
				05FBBC4A2D1D3D300051BAF9 /* PBXTargetDependency */,
			);
			name = KTVTests;
			packageProductDependencies = (
			);
			productName = KTVTests;
			productReference = 05FBBC482D1D3D300051BAF9 /* KTVTests.xctest */;
			productType = "com.apple.product-type.bundle.unit-test";
		};
		05FBBC512D1D3D300051BAF9 /* KTVUITests */ = {
			isa = PBXNativeTarget;
			buildConfigurationList = 05FBBC632D1D3D300051BAF9 /* Build configuration list for PBXNativeTarget "KTVUITests" */;
			buildPhases = (
				05FBBC4E2D1D3D300051BAF9 /* Sources */,
				05FBBC4F2D1D3D300051BAF9 /* Frameworks */,
				05FBBC502D1D3D300051BAF9 /* Resources */,
			);
			buildRules = (
			);
			dependencies = (
				05FBBC542D1D3D300051BAF9 /* PBXTargetDependency */,
			);
			name = KTVUITests;
			packageProductDependencies = (
			);
			productName = KTVUITests;
			productReference = 05FBBC522D1D3D300051BAF9 /* KTVUITests.xctest */;
			productType = "com.apple.product-type.bundle.ui-testing";
		};
/* End PBXNativeTarget section */

/* Begin PBXProject section */
		05FBBC2A2D1D3D2E0051BAF9 /* Project object */ = {
			isa = PBXProject;
			attributes = {
				BuildIndependentTargetsInParallel = 1;
				LastSwiftUpdateCheck = 1610;
				LastUpgradeCheck = 1610;
				TargetAttributes = {
					05FBBC312D1D3D2E0051BAF9 = {
						CreatedOnToolsVersion = 16.1;
					};
					05FBBC472D1D3D300051BAF9 = {
						CreatedOnToolsVersion = 16.1;
						TestTargetID = 05FBBC312D1D3D2E0051BAF9;
					};
					05FBBC512D1D3D300051BAF9 = {
						CreatedOnToolsVersion = 16.1;
						TestTargetID = 05FBBC312D1D3D2E0051BAF9;
					};
				};
			};
			buildConfigurationList = 05FBBC2D2D1D3D2E0051BAF9 /* Build configuration list for PBXProject "KTV" */;
			developmentRegion = en;
			hasScannedForEncodings = 0;
			knownRegions = (
				en,
				Base,
			);
			mainGroup = 05FBBC292D1D3D2E0051BAF9;
			minimizedProjectReferenceProxies = 1;
			preferredProjectObjectVersion = 77;
			productRefGroup = 05FBBC332D1D3D2E0051BAF9 /* Products */;
			projectDirPath = "";
			projectRoot = "";
			targets = (
				05FBBC312D1D3D2E0051BAF9 /* KTV */,
				05FBBC472D1D3D300051BAF9 /* KTVTests */,
				05FBBC512D1D3D300051BAF9 /* KTVUITests */,
			);
		};
/* End PBXProject section */

/* Begin PBXResourcesBuildPhase section */
		05FBBC302D1D3D2E0051BAF9 /* Resources */ = {
			isa = PBXResourcesBuildPhase;
			buildActionMask = 2147483647;
			files = (
				8D3636E82D252755001B465F /* Assets.xcassets in Resources */,
				8D3636E92D252755001B465F /* Colors.xcassets in Resources */,
				8D3636EB2D252755001B465F /* LaunchScreen.storyboard in Resources */,
				8D3636EC2D252755001B465F /* Main.storyboard in Resources */,
			);
			runOnlyForDeploymentPostprocessing = 0;
		};
		05FBBC462D1D3D300051BAF9 /* Resources */ = {
			isa = PBXResourcesBuildPhase;
			buildActionMask = 2147483647;
			files = (
			);
			runOnlyForDeploymentPostprocessing = 0;
		};
		05FBBC502D1D3D300051BAF9 /* Resources */ = {
			isa = PBXResourcesBuildPhase;
			buildActionMask = 2147483647;
			files = (
			);
			runOnlyForDeploymentPostprocessing = 0;
		};
/* End PBXResourcesBuildPhase section */

/* Begin PBXSourcesBuildPhase section */
		05FBBC2E2D1D3D2E0051BAF9 /* Sources */ = {
			isa = PBXSourcesBuildPhase;
			buildActionMask = 2147483647;
			files = (
				8D3636ED2D252755001B465F /* AppDelegate.swift in Sources */,
				8D3636EE2D252755001B465F /* LoginVC.swift in Sources */,
				8D3636EF2D252755001B465F /* SceneDelegate.swift in Sources */,
			);
			runOnlyForDeploymentPostprocessing = 0;
		};
		05FBBC442D1D3D300051BAF9 /* Sources */ = {
			isa = PBXSourcesBuildPhase;
			buildActionMask = 2147483647;
			files = (
				8D3636DC2D25274B001B465F /* KTVTests.swift in Sources */,
			);
			runOnlyForDeploymentPostprocessing = 0;
		};
		05FBBC4E2D1D3D300051BAF9 /* Sources */ = {
			isa = PBXSourcesBuildPhase;
			buildActionMask = 2147483647;
			files = (
				8D3636F32D252758001B465F /* KTVUITests.swift in Sources */,
				8D3636F42D252758001B465F /* KTVUITestsLaunchTests.swift in Sources */,
			);
			runOnlyForDeploymentPostprocessing = 0;
		};
/* End PBXSourcesBuildPhase section */

/* Begin PBXTargetDependency section */
		05FBBC4A2D1D3D300051BAF9 /* PBXTargetDependency */ = {
			isa = PBXTargetDependency;
			target = 05FBBC312D1D3D2E0051BAF9 /* KTV */;
			targetProxy = 05FBBC492D1D3D300051BAF9 /* PBXContainerItemProxy */;
		};
		05FBBC542D1D3D300051BAF9 /* PBXTargetDependency */ = {
			isa = PBXTargetDependency;
			target = 05FBBC312D1D3D2E0051BAF9 /* KTV */;
			targetProxy = 05FBBC532D1D3D300051BAF9 /* PBXContainerItemProxy */;
		};
/* End PBXTargetDependency section */

/* Begin PBXVariantGroup section */
		8D3636E22D252755001B465F /* LaunchScreen.storyboard */ = {
			isa = PBXVariantGroup;
			children = (
				8D3636E12D252755001B465F /* Base */,
			);
			name = LaunchScreen.storyboard;
			sourceTree = "<group>";
		};
		8D3636E52D252755001B465F /* Main.storyboard */ = {
			isa = PBXVariantGroup;
			children = (
				8D3636E42D252755001B465F /* Base */,
			);
			name = Main.storyboard;
			sourceTree = "<group>";
		};
/* End PBXVariantGroup section */

/* Begin XCBuildConfiguration section */
		05FBBC5C2D1D3D300051BAF9 /* Debug */ = {
			isa = XCBuildConfiguration;
			buildSettings = {
				ASSETCATALOG_COMPILER_APPICON_NAME = AppIcon;
				ASSETCATALOG_COMPILER_GLOBAL_ACCENT_COLOR_NAME = AccentColor;
				CODE_SIGN_STYLE = Automatic;
				CURRENT_PROJECT_VERSION = 1;
				DEVELOPMENT_TEAM = 322DZR4792;
				GENERATE_INFOPLIST_FILE = YES;
				INFOPLIST_FILE = KTV/Info.plist;
				INFOPLIST_KEY_UIApplicationSupportsIndirectInputEvents = YES;
				INFOPLIST_KEY_UILaunchStoryboardName = LaunchScreen;
				INFOPLIST_KEY_UIMainStoryboardFile = Main;
				INFOPLIST_KEY_UISupportedInterfaceOrientations_iPad = "UIInterfaceOrientationPortrait UIInterfaceOrientationPortraitUpsideDown UIInterfaceOrientationLandscapeLeft UIInterfaceOrientationLandscapeRight";
				INFOPLIST_KEY_UISupportedInterfaceOrientations_iPhone = "UIInterfaceOrientationPortrait UIInterfaceOrientationLandscapeLeft UIInterfaceOrientationLandscapeRight";
				IPHONEOS_DEPLOYMENT_TARGET = 15.0;
				LD_RUNPATH_SEARCH_PATHS = (
					"$(inherited)",
					"@executable_path/Frameworks",
				);
				MARKETING_VERSION = 1.0;
				PRODUCT_BUNDLE_IDENTIFIER = com.lonalia.KTV;
				PRODUCT_NAME = "$(TARGET_NAME)";
				SWIFT_EMIT_LOC_STRINGS = YES;
				SWIFT_VERSION = 5.0;
				TARGETED_DEVICE_FAMILY = "1,2";
			};
			name = Debug;
		};
		05FBBC5D2D1D3D300051BAF9 /* Release */ = {
			isa = XCBuildConfiguration;
			buildSettings = {
				ASSETCATALOG_COMPILER_APPICON_NAME = AppIcon;
				ASSETCATALOG_COMPILER_GLOBAL_ACCENT_COLOR_NAME = AccentColor;
				CODE_SIGN_STYLE = Automatic;
				CURRENT_PROJECT_VERSION = 1;
				DEVELOPMENT_TEAM = 322DZR4792;
				GENERATE_INFOPLIST_FILE = YES;
				INFOPLIST_FILE = KTV/Info.plist;
				INFOPLIST_KEY_UIApplicationSupportsIndirectInputEvents = YES;
				INFOPLIST_KEY_UILaunchStoryboardName = LaunchScreen;
				INFOPLIST_KEY_UIMainStoryboardFile = Main;
				INFOPLIST_KEY_UISupportedInterfaceOrientations_iPad = "UIInterfaceOrientationPortrait UIInterfaceOrientationPortraitUpsideDown UIInterfaceOrientationLandscapeLeft UIInterfaceOrientationLandscapeRight";
				INFOPLIST_KEY_UISupportedInterfaceOrientations_iPhone = "UIInterfaceOrientationPortrait UIInterfaceOrientationLandscapeLeft UIInterfaceOrientationLandscapeRight";
				IPHONEOS_DEPLOYMENT_TARGET = 15.0;
				LD_RUNPATH_SEARCH_PATHS = (
					"$(inherited)",
					"@executable_path/Frameworks",
				);
				MARKETING_VERSION = 1.0;
				PRODUCT_BUNDLE_IDENTIFIER = com.lonalia.KTV;
				PRODUCT_NAME = "$(TARGET_NAME)";
				SWIFT_EMIT_LOC_STRINGS = YES;
				SWIFT_VERSION = 5.0;
				TARGETED_DEVICE_FAMILY = "1,2";
			};
			name = Release;
		};
		05FBBC5E2D1D3D300051BAF9 /* Debug */ = {
			isa = XCBuildConfiguration;
			buildSettings = {
				ALWAYS_SEARCH_USER_PATHS = NO;
				ASSETCATALOG_COMPILER_GENERATE_SWIFT_ASSET_SYMBOL_EXTENSIONS = YES;
				CLANG_ANALYZER_NONNULL = YES;
				CLANG_ANALYZER_NUMBER_OBJECT_CONVERSION = YES_AGGRESSIVE;
				CLANG_CXX_LANGUAGE_STANDARD = "gnu++20";
				CLANG_ENABLE_MODULES = YES;
				CLANG_ENABLE_OBJC_ARC = YES;
				CLANG_ENABLE_OBJC_WEAK = YES;
				CLANG_WARN_BLOCK_CAPTURE_AUTORELEASING = YES;
				CLANG_WARN_BOOL_CONVERSION = YES;
				CLANG_WARN_COMMA = YES;
				CLANG_WARN_CONSTANT_CONVERSION = YES;
				CLANG_WARN_DEPRECATED_OBJC_IMPLEMENTATIONS = YES;
				CLANG_WARN_DIRECT_OBJC_ISA_USAGE = YES_ERROR;
				CLANG_WARN_DOCUMENTATION_COMMENTS = YES;
				CLANG_WARN_EMPTY_BODY = YES;
				CLANG_WARN_ENUM_CONVERSION = YES;
				CLANG_WARN_INFINITE_RECURSION = YES;
				CLANG_WARN_INT_CONVERSION = YES;
				CLANG_WARN_NON_LITERAL_NULL_CONVERSION = YES;
				CLANG_WARN_OBJC_IMPLICIT_RETAIN_SELF = YES;
				CLANG_WARN_OBJC_LITERAL_CONVERSION = YES;
				CLANG_WARN_OBJC_ROOT_CLASS = YES_ERROR;
				CLANG_WARN_QUOTED_INCLUDE_IN_FRAMEWORK_HEADER = YES;
				CLANG_WARN_RANGE_LOOP_ANALYSIS = YES;
				CLANG_WARN_STRICT_PROTOTYPES = YES;
				CLANG_WARN_SUSPICIOUS_MOVE = YES;
				CLANG_WARN_UNGUARDED_AVAILABILITY = YES_AGGRESSIVE;
				CLANG_WARN_UNREACHABLE_CODE = YES;
				CLANG_WARN__DUPLICATE_METHOD_MATCH = YES;
				COPY_PHASE_STRIP = NO;
				DEBUG_INFORMATION_FORMAT = dwarf;
				ENABLE_STRICT_OBJC_MSGSEND = YES;
				ENABLE_TESTABILITY = YES;
				ENABLE_USER_SCRIPT_SANDBOXING = YES;
				GCC_C_LANGUAGE_STANDARD = gnu17;
				GCC_DYNAMIC_NO_PIC = NO;
				GCC_NO_COMMON_BLOCKS = YES;
				GCC_OPTIMIZATION_LEVEL = 0;
				GCC_PREPROCESSOR_DEFINITIONS = (
					"DEBUG=1",
					"$(inherited)",
				);
				GCC_WARN_64_TO_32_BIT_CONVERSION = YES;
				GCC_WARN_ABOUT_RETURN_TYPE = YES_ERROR;
				GCC_WARN_UNDECLARED_SELECTOR = YES;
				GCC_WARN_UNINITIALIZED_AUTOS = YES_AGGRESSIVE;
				GCC_WARN_UNUSED_FUNCTION = YES;
				GCC_WARN_UNUSED_VARIABLE = YES;
				IPHONEOS_DEPLOYMENT_TARGET = 18.1;
				LOCALIZATION_PREFERS_STRING_CATALOGS = YES;
				MTL_ENABLE_DEBUG_INFO = INCLUDE_SOURCE;
				MTL_FAST_MATH = YES;
				ONLY_ACTIVE_ARCH = YES;
				SDKROOT = iphoneos;
				SWIFT_ACTIVE_COMPILATION_CONDITIONS = "DEBUG $(inherited)";
				SWIFT_OPTIMIZATION_LEVEL = "-Onone";
			};
			name = Debug;
		};
		05FBBC5F2D1D3D300051BAF9 /* Release */ = {
			isa = XCBuildConfiguration;
			buildSettings = {
				ALWAYS_SEARCH_USER_PATHS = NO;
				ASSETCATALOG_COMPILER_GENERATE_SWIFT_ASSET_SYMBOL_EXTENSIONS = YES;
				CLANG_ANALYZER_NONNULL = YES;
				CLANG_ANALYZER_NUMBER_OBJECT_CONVERSION = YES_AGGRESSIVE;
				CLANG_CXX_LANGUAGE_STANDARD = "gnu++20";
				CLANG_ENABLE_MODULES = YES;
				CLANG_ENABLE_OBJC_ARC = YES;
				CLANG_ENABLE_OBJC_WEAK = YES;
				CLANG_WARN_BLOCK_CAPTURE_AUTORELEASING = YES;
				CLANG_WARN_BOOL_CONVERSION = YES;
				CLANG_WARN_COMMA = YES;
				CLANG_WARN_CONSTANT_CONVERSION = YES;
				CLANG_WARN_DEPRECATED_OBJC_IMPLEMENTATIONS = YES;
				CLANG_WARN_DIRECT_OBJC_ISA_USAGE = YES_ERROR;
				CLANG_WARN_DOCUMENTATION_COMMENTS = YES;
				CLANG_WARN_EMPTY_BODY = YES;
				CLANG_WARN_ENUM_CONVERSION = YES;
				CLANG_WARN_INFINITE_RECURSION = YES;
				CLANG_WARN_INT_CONVERSION = YES;
				CLANG_WARN_NON_LITERAL_NULL_CONVERSION = YES;
				CLANG_WARN_OBJC_IMPLICIT_RETAIN_SELF = YES;
				CLANG_WARN_OBJC_LITERAL_CONVERSION = YES;
				CLANG_WARN_OBJC_ROOT_CLASS = YES_ERROR;
				CLANG_WARN_QUOTED_INCLUDE_IN_FRAMEWORK_HEADER = YES;
				CLANG_WARN_RANGE_LOOP_ANALYSIS = YES;
				CLANG_WARN_STRICT_PROTOTYPES = YES;
				CLANG_WARN_SUSPICIOUS_MOVE = YES;
				CLANG_WARN_UNGUARDED_AVAILABILITY = YES_AGGRESSIVE;
				CLANG_WARN_UNREACHABLE_CODE = YES;
				CLANG_WARN__DUPLICATE_METHOD_MATCH = YES;
				COPY_PHASE_STRIP = NO;
				DEBUG_INFORMATION_FORMAT = "dwarf-with-dsym";
				ENABLE_NS_ASSERTIONS = NO;
				ENABLE_STRICT_OBJC_MSGSEND = YES;
				ENABLE_USER_SCRIPT_SANDBOXING = YES;
				GCC_C_LANGUAGE_STANDARD = gnu17;
				GCC_NO_COMMON_BLOCKS = YES;
				GCC_WARN_64_TO_32_BIT_CONVERSION = YES;
				GCC_WARN_ABOUT_RETURN_TYPE = YES_ERROR;
				GCC_WARN_UNDECLARED_SELECTOR = YES;
				GCC_WARN_UNINITIALIZED_AUTOS = YES_AGGRESSIVE;
				GCC_WARN_UNUSED_FUNCTION = YES;
				GCC_WARN_UNUSED_VARIABLE = YES;
				IPHONEOS_DEPLOYMENT_TARGET = 18.1;
				LOCALIZATION_PREFERS_STRING_CATALOGS = YES;
				MTL_ENABLE_DEBUG_INFO = NO;
				MTL_FAST_MATH = YES;
				SDKROOT = iphoneos;
				SWIFT_COMPILATION_MODE = wholemodule;
				VALIDATE_PRODUCT = YES;
			};
			name = Release;
		};
		05FBBC612D1D3D300051BAF9 /* Debug */ = {
			isa = XCBuildConfiguration;
			buildSettings = {
				BUNDLE_LOADER = "$(TEST_HOST)";
				CODE_SIGN_STYLE = Automatic;
				CURRENT_PROJECT_VERSION = 1;
				DEVELOPMENT_TEAM = 322DZR4792;
				GENERATE_INFOPLIST_FILE = YES;
				IPHONEOS_DEPLOYMENT_TARGET = 18.1;
				MARKETING_VERSION = 1.0;
				PRODUCT_BUNDLE_IDENTIFIER = com.lonalia.KTVTests;
				PRODUCT_NAME = "$(TARGET_NAME)";
				SWIFT_EMIT_LOC_STRINGS = NO;
				SWIFT_VERSION = 5.0;
				TARGETED_DEVICE_FAMILY = "1,2";
				TEST_HOST = "$(BUILT_PRODUCTS_DIR)/KTV.app/$(BUNDLE_EXECUTABLE_FOLDER_PATH)/KTV";
			};
			name = Debug;
		};
		05FBBC622D1D3D300051BAF9 /* Release */ = {
			isa = XCBuildConfiguration;
			buildSettings = {
				BUNDLE_LOADER = "$(TEST_HOST)";
				CODE_SIGN_STYLE = Automatic;
				CURRENT_PROJECT_VERSION = 1;
				DEVELOPMENT_TEAM = 322DZR4792;
				GENERATE_INFOPLIST_FILE = YES;
				IPHONEOS_DEPLOYMENT_TARGET = 18.1;
				MARKETING_VERSION = 1.0;
				PRODUCT_BUNDLE_IDENTIFIER = com.lonalia.KTVTests;
				PRODUCT_NAME = "$(TARGET_NAME)";
				SWIFT_EMIT_LOC_STRINGS = NO;
				SWIFT_VERSION = 5.0;
				TARGETED_DEVICE_FAMILY = "1,2";
				TEST_HOST = "$(BUILT_PRODUCTS_DIR)/KTV.app/$(BUNDLE_EXECUTABLE_FOLDER_PATH)/KTV";
			};
			name = Release;
		};
		05FBBC642D1D3D300051BAF9 /* Debug */ = {
			isa = XCBuildConfiguration;
			buildSettings = {
				CODE_SIGN_STYLE = Automatic;
				CURRENT_PROJECT_VERSION = 1;
				DEVELOPMENT_TEAM = 322DZR4792;
				GENERATE_INFOPLIST_FILE = YES;
				MARKETING_VERSION = 1.0;
				PRODUCT_BUNDLE_IDENTIFIER = com.lonalia.KTVUITests;
				PRODUCT_NAME = "$(TARGET_NAME)";
				SWIFT_EMIT_LOC_STRINGS = NO;
				SWIFT_VERSION = 5.0;
				TARGETED_DEVICE_FAMILY = "1,2";
				TEST_TARGET_NAME = KTV;
			};
			name = Debug;
		};
		05FBBC652D1D3D300051BAF9 /* Release */ = {
			isa = XCBuildConfiguration;
			buildSettings = {
				CODE_SIGN_STYLE = Automatic;
				CURRENT_PROJECT_VERSION = 1;
				DEVELOPMENT_TEAM = 322DZR4792;
				GENERATE_INFOPLIST_FILE = YES;
				MARKETING_VERSION = 1.0;
				PRODUCT_BUNDLE_IDENTIFIER = com.lonalia.KTVUITests;
				PRODUCT_NAME = "$(TARGET_NAME)";
				SWIFT_EMIT_LOC_STRINGS = NO;
				SWIFT_VERSION = 5.0;
				TARGETED_DEVICE_FAMILY = "1,2";
				TEST_TARGET_NAME = KTV;
			};
			name = Release;
		};
/* End XCBuildConfiguration section */

/* Begin XCConfigurationList section */
		05FBBC2D2D1D3D2E0051BAF9 /* Build configuration list for PBXProject "KTV" */ = {
			isa = XCConfigurationList;
			buildConfigurations = (
				05FBBC5E2D1D3D300051BAF9 /* Debug */,
				05FBBC5F2D1D3D300051BAF9 /* Release */,
			);
			defaultConfigurationIsVisible = 0;
			defaultConfigurationName = Release;
		};
		05FBBC5B2D1D3D300051BAF9 /* Build configuration list for PBXNativeTarget "KTV" */ = {
			isa = XCConfigurationList;
			buildConfigurations = (
				05FBBC5C2D1D3D300051BAF9 /* Debug */,
				05FBBC5D2D1D3D300051BAF9 /* Release */,
			);
			defaultConfigurationIsVisible = 0;
			defaultConfigurationName = Release;
		};
		05FBBC602D1D3D300051BAF9 /* Build configuration list for PBXNativeTarget "KTVTests" */ = {
			isa = XCConfigurationList;
			buildConfigurations = (
				05FBBC612D1D3D300051BAF9 /* Debug */,
				05FBBC622D1D3D300051BAF9 /* Release */,
			);
			defaultConfigurationIsVisible = 0;
			defaultConfigurationName = Release;
		};
		05FBBC632D1D3D300051BAF9 /* Build configuration list for PBXNativeTarget "KTVUITests" */ = {
			isa = XCConfigurationList;
			buildConfigurations = (
				05FBBC642D1D3D300051BAF9 /* Debug */,
				05FBBC652D1D3D300051BAF9 /* Release */,
			);
			defaultConfigurationIsVisible = 0;
			defaultConfigurationName = Release;
		};
/* End XCConfigurationList section */
	};
	rootObject = 05FBBC2A2D1D3D2E0051BAF9 /* Project object */;
}
