// !$*UTF8*$!
{
	archiveVersion = 1;
	classes = {
	};
	objectVersion = 77;
	objects = {

/* Begin PBXBuildFile section */
		8DB244022CAC2D4400D533C3 /* ContentView.swift in Sources */ = {isa = PBXBuildFile; fileRef = 8DB244002CAC2D4400D533C3 /* ContentView.swift */; };
		8DB244032CAC2D4400D533C3 /* VoiceMemoApp.swift in Sources */ = {isa = PBXBuildFile; fileRef = 8DB244012CAC2D4400D533C3 /* VoiceMemoApp.swift */; };
		8DB244052CAC2D4400D533C3 /* Assets.xcassets in Resources */ = {isa = PBXBuildFile; fileRef = 8DB243FF2CAC2D4400D533C3 /* Assets.xcassets */; };
		8DB244072CAC2D4400D533C3 /* VoiceMemoTests.swift in Sources */ = {isa = PBXBuildFile; fileRef = 8DB244062CAC2D4400D533C3 /* VoiceMemoTests.swift */; };
		8DB2440A2CAC2D4400D533C3 /* VoiceMemoUITests.swift in Sources */ = {isa = PBXBuildFile; fileRef = 8DB244082CAC2D4400D533C3 /* VoiceMemoUITests.swift */; };
		8DB2440B2CAC2D4400D533C3 /* VoiceMemoUITestsLaunchTests.swift in Sources */ = {isa = PBXBuildFile; fileRef = 8DB244092CAC2D4400D533C3 /* VoiceMemoUITestsLaunchTests.swift */; };
		8DB2441F2CAC31B800D533C3 /* LaunchScreen.storyboard in Resources */ = {isa = PBXBuildFile; fileRef = 8DB2441E2CAC31B800D533C3 /* LaunchScreen.storyboard */; };
		8DB244212CAC324F00D533C3 /* Preview Assets.xcassets in Resources */ = {isa = PBXBuildFile; fileRef = 8DB244202CAC324F00D533C3 /* Preview Assets.xcassets */; };
		8DB2442A2CAC335B00D533C3 /* AppDelegate.swift in Sources */ = {isa = PBXBuildFile; fileRef = 8DB244292CAC335B00D533C3 /* AppDelegate.swift */; };
/* End PBXBuildFile section */

/* Begin PBXContainerItemProxy section */
		8DC8A2722CAAF3E20082FC67 /* PBXContainerItemProxy */ = {
			isa = PBXContainerItemProxy;
			containerPortal = 8DC8A2592CAAF3E10082FC67 /* Project object */;
			proxyType = 1;
			remoteGlobalIDString = 8DC8A2602CAAF3E10082FC67;
			remoteInfo = VoiceMemo;
		};
		8DC8A27C2CAAF3E20082FC67 /* PBXContainerItemProxy */ = {
			isa = PBXContainerItemProxy;
			containerPortal = 8DC8A2592CAAF3E10082FC67 /* Project object */;
			proxyType = 1;
			remoteGlobalIDString = 8DC8A2602CAAF3E10082FC67;
			remoteInfo = VoiceMemo;
		};
/* End PBXContainerItemProxy section */

/* Begin PBXFileReference section */
		8DB243FF2CAC2D4400D533C3 /* Assets.xcassets */ = {isa = PBXFileReference; lastKnownFileType = folder.assetcatalog; path = Assets.xcassets; sourceTree = "<group>"; };
		8DB244002CAC2D4400D533C3 /* ContentView.swift */ = {isa = PBXFileReference; lastKnownFileType = sourcecode.swift; path = ContentView.swift; sourceTree = "<group>"; };
		8DB244012CAC2D4400D533C3 /* VoiceMemoApp.swift */ = {isa = PBXFileReference; lastKnownFileType = sourcecode.swift; path = VoiceMemoApp.swift; sourceTree = "<group>"; };
		8DB244062CAC2D4400D533C3 /* VoiceMemoTests.swift */ = {isa = PBXFileReference; lastKnownFileType = sourcecode.swift; path = VoiceMemoTests.swift; sourceTree = "<group>"; };
		8DB244082CAC2D4400D533C3 /* VoiceMemoUITests.swift */ = {isa = PBXFileReference; lastKnownFileType = sourcecode.swift; path = VoiceMemoUITests.swift; sourceTree = "<group>"; };
		8DB244092CAC2D4400D533C3 /* VoiceMemoUITestsLaunchTests.swift */ = {isa = PBXFileReference; lastKnownFileType = sourcecode.swift; path = VoiceMemoUITestsLaunchTests.swift; sourceTree = "<group>"; };
		8DB2441E2CAC31B800D533C3 /* LaunchScreen.storyboard */ = {isa = PBXFileReference; lastKnownFileType = file.storyboard; path = LaunchScreen.storyboard; sourceTree = "<group>"; };
		8DB244202CAC324F00D533C3 /* Preview Assets.xcassets */ = {isa = PBXFileReference; lastKnownFileType = folder.assetcatalog; path = "Preview Assets.xcassets"; sourceTree = "<group>"; };
		8DB244292CAC335B00D533C3 /* AppDelegate.swift */ = {isa = PBXFileReference; lastKnownFileType = sourcecode.swift; path = AppDelegate.swift; sourceTree = "<group>"; };
		8DC8A2612CAAF3E10082FC67 /* VoiceMemo.app */ = {isa = PBXFileReference; explicitFileType = wrapper.application; includeInIndex = 0; path = VoiceMemo.app; sourceTree = BUILT_PRODUCTS_DIR; };
		8DC8A2712CAAF3E20082FC67 /* VoiceMemoTests.xctest */ = {isa = PBXFileReference; explicitFileType = wrapper.cfbundle; includeInIndex = 0; path = VoiceMemoTests.xctest; sourceTree = BUILT_PRODUCTS_DIR; };
		8DC8A27B2CAAF3E20082FC67 /* VoiceMemoUITests.xctest */ = {isa = PBXFileReference; explicitFileType = wrapper.cfbundle; includeInIndex = 0; path = VoiceMemoUITests.xctest; sourceTree = BUILT_PRODUCTS_DIR; };
/* End PBXFileReference section */

/* Begin PBXFrameworksBuildPhase section */
		8DC8A25E2CAAF3E10082FC67 /* Frameworks */ = {
			isa = PBXFrameworksBuildPhase;
			buildActionMask = 2147483647;
			files = (
			);
			runOnlyForDeploymentPostprocessing = 0;
		};
		8DC8A26E2CAAF3E20082FC67 /* Frameworks */ = {
			isa = PBXFrameworksBuildPhase;
			buildActionMask = 2147483647;
			files = (
			);
			runOnlyForDeploymentPostprocessing = 0;
		};
		8DC8A2782CAAF3E20082FC67 /* Frameworks */ = {
			isa = PBXFrameworksBuildPhase;
			buildActionMask = 2147483647;
			files = (
			);
			runOnlyForDeploymentPostprocessing = 0;
		};
/* End PBXFrameworksBuildPhase section */

/* Begin PBXGroup section */
		8DB2440D2CAC304500D533C3 /* VoiceMemo */ = {
			isa = PBXGroup;
			children = (
				8DB244112CAC305B00D533C3 /* App */,
				8DB244122CAC306200D533C3 /* Core */,
				8DB244132CAC306800D533C3 /* Component */,
				8DB244142CAC306F00D533C3 /* Feature */,
				8DB244152CAC307400D533C3 /* Model */,
				8DB244262CAC328C00D533C3 /* Preview Content */,
				8DB243FF2CAC2D4400D533C3 /* Assets.xcassets */,
			);
			path = VoiceMemo;
			sourceTree = "<group>";
		};
		8DB244112CAC305B00D533C3 /* App */ = {
			isa = PBXGroup;
			children = (
				8DB244012CAC2D4400D533C3 /* VoiceMemoApp.swift */,
				8DB244292CAC335B00D533C3 /* AppDelegate.swift */,
				8DB244002CAC2D4400D533C3 /* ContentView.swift */,
				8DB2441E2CAC31B800D533C3 /* LaunchScreen.storyboard */,
			);
			path = App;
			sourceTree = "<group>";
		};
		8DB244122CAC306200D533C3 /* Core */ = {
			isa = PBXGroup;
			children = (
				8DB244222CAC325600D533C3 /* Service */,
				8DB244232CAC325B00D533C3 /* Extension */,
			);
			path = Core;
			sourceTree = "<group>";
		};
		8DB244132CAC306800D533C3 /* Component */ = {
			isa = PBXGroup;
			children = (
				8DB244242CAC326A00D533C3 /* CustomView */,
				8DB244252CAC327100D533C3 /* NavigationBar */,
			);
			path = Component;
			sourceTree = "<group>";
		};
		8DB244142CAC306F00D533C3 /* Feature */ = {
			isa = PBXGroup;
			children = (
				8DB244272CAC32AD00D533C3 /* Onboarding */,
				8DB244282CAC32B700D533C3 /* Home */,
			);
			path = Feature;
			sourceTree = "<group>";
		};
		8DB244152CAC307400D533C3 /* Model */ = {
			isa = PBXGroup;
			children = (
			);
			path = Model;
			sourceTree = "<group>";
		};
		8DB244162CAC309200D533C3 /* VoiceMemoTests */ = {
			isa = PBXGroup;
			children = (
				8DB244062CAC2D4400D533C3 /* VoiceMemoTests.swift */,
			);
			path = VoiceMemoTests;
			sourceTree = "<group>";
		};
		8DB244172CAC30A700D533C3 /* VoiceMemoUITests */ = {
			isa = PBXGroup;
			children = (
				8DB244082CAC2D4400D533C3 /* VoiceMemoUITests.swift */,
				8DB244092CAC2D4400D533C3 /* VoiceMemoUITestsLaunchTests.swift */,
			);
			path = VoiceMemoUITests;
			sourceTree = "<group>";
		};
		8DB244222CAC325600D533C3 /* Service */ = {
			isa = PBXGroup;
			children = (
			);
			path = Service;
			sourceTree = "<group>";
		};
		8DB244232CAC325B00D533C3 /* Extension */ = {
			isa = PBXGroup;
			children = (
			);
			path = Extension;
			sourceTree = "<group>";
		};
		8DB244242CAC326A00D533C3 /* CustomView */ = {
			isa = PBXGroup;
			children = (
			);
			path = CustomView;
			sourceTree = "<group>";
		};
		8DB244252CAC327100D533C3 /* NavigationBar */ = {
			isa = PBXGroup;
			children = (
			);
			path = NavigationBar;
			sourceTree = "<group>";
		};
		8DB244262CAC328C00D533C3 /* Preview Content */ = {
			isa = PBXGroup;
			children = (
				8DB244202CAC324F00D533C3 /* Preview Assets.xcassets */,
			);
			path = "Preview Content";
			sourceTree = "<group>";
		};
		8DB244272CAC32AD00D533C3 /* Onboarding */ = {
			isa = PBXGroup;
			children = (
			);
			path = Onboarding;
			sourceTree = "<group>";
		};
		8DB244282CAC32B700D533C3 /* Home */ = {
			isa = PBXGroup;
			children = (
			);
			path = Home;
			sourceTree = "<group>";
		};
		8DC8A2582CAAF3E10082FC67 = {
			isa = PBXGroup;
			children = (
				8DB2440D2CAC304500D533C3 /* VoiceMemo */,
				8DB244162CAC309200D533C3 /* VoiceMemoTests */,
				8DB244172CAC30A700D533C3 /* VoiceMemoUITests */,
				8DC8A2622CAAF3E10082FC67 /* Products */,
			);
			sourceTree = "<group>";
		};
		8DC8A2622CAAF3E10082FC67 /* Products */ = {
			isa = PBXGroup;
			children = (
				8DC8A2612CAAF3E10082FC67 /* VoiceMemo.app */,
				8DC8A2712CAAF3E20082FC67 /* VoiceMemoTests.xctest */,
				8DC8A27B2CAAF3E20082FC67 /* VoiceMemoUITests.xctest */,
			);
			name = Products;
			sourceTree = "<group>";
		};
/* End PBXGroup section */

/* Begin PBXNativeTarget section */
		8DC8A2602CAAF3E10082FC67 /* VoiceMemo */ = {
			isa = PBXNativeTarget;
			buildConfigurationList = 8DC8A2852CAAF3E20082FC67 /* Build configuration list for PBXNativeTarget "VoiceMemo" */;
			buildPhases = (
				8DC8A25D2CAAF3E10082FC67 /* Sources */,
				8DC8A25E2CAAF3E10082FC67 /* Frameworks */,
				8DC8A25F2CAAF3E10082FC67 /* Resources */,
			);
			buildRules = (
			);
			dependencies = (
			);
			name = VoiceMemo;
			packageProductDependencies = (
			);
			productName = VoiceMemo;
			productReference = 8DC8A2612CAAF3E10082FC67 /* VoiceMemo.app */;
			productType = "com.apple.product-type.application";
		};
		8DC8A2702CAAF3E20082FC67 /* VoiceMemoTests */ = {
			isa = PBXNativeTarget;
			buildConfigurationList = 8DC8A2882CAAF3E20082FC67 /* Build configuration list for PBXNativeTarget "VoiceMemoTests" */;
			buildPhases = (
				8DC8A26D2CAAF3E20082FC67 /* Sources */,
				8DC8A26E2CAAF3E20082FC67 /* Frameworks */,
				8DC8A26F2CAAF3E20082FC67 /* Resources */,
			);
			buildRules = (
			);
			dependencies = (
				8DC8A2732CAAF3E20082FC67 /* PBXTargetDependency */,
			);
			name = VoiceMemoTests;
			packageProductDependencies = (
			);
			productName = VoiceMemoTests;
			productReference = 8DC8A2712CAAF3E20082FC67 /* VoiceMemoTests.xctest */;
			productType = "com.apple.product-type.bundle.unit-test";
		};
		8DC8A27A2CAAF3E20082FC67 /* VoiceMemoUITests */ = {
			isa = PBXNativeTarget;
			buildConfigurationList = 8DC8A28B2CAAF3E20082FC67 /* Build configuration list for PBXNativeTarget "VoiceMemoUITests" */;
			buildPhases = (
				8DC8A2772CAAF3E20082FC67 /* Sources */,
				8DC8A2782CAAF3E20082FC67 /* Frameworks */,
				8DC8A2792CAAF3E20082FC67 /* Resources */,
			);
			buildRules = (
			);
			dependencies = (
				8DC8A27D2CAAF3E20082FC67 /* PBXTargetDependency */,
			);
			name = VoiceMemoUITests;
			packageProductDependencies = (
			);
			productName = VoiceMemoUITests;
			productReference = 8DC8A27B2CAAF3E20082FC67 /* VoiceMemoUITests.xctest */;
			productType = "com.apple.product-type.bundle.ui-testing";
		};
/* End PBXNativeTarget section */

/* Begin PBXProject section */
		8DC8A2592CAAF3E10082FC67 /* Project object */ = {
			isa = PBXProject;
			attributes = {
				BuildIndependentTargetsInParallel = 1;
				LastSwiftUpdateCheck = 1600;
				LastUpgradeCheck = 1600;
				TargetAttributes = {
					8DC8A2602CAAF3E10082FC67 = {
						CreatedOnToolsVersion = 16.0;
					};
					8DC8A2702CAAF3E20082FC67 = {
						CreatedOnToolsVersion = 16.0;
						TestTargetID = 8DC8A2602CAAF3E10082FC67;
					};
					8DC8A27A2CAAF3E20082FC67 = {
						CreatedOnToolsVersion = 16.0;
						TestTargetID = 8DC8A2602CAAF3E10082FC67;
					};
				};
			};
			buildConfigurationList = 8DC8A25C2CAAF3E10082FC67 /* Build configuration list for PBXProject "VoiceMemo" */;
			developmentRegion = en;
			hasScannedForEncodings = 0;
			knownRegions = (
				en,
				Base,
			);
			mainGroup = 8DC8A2582CAAF3E10082FC67;
			minimizedProjectReferenceProxies = 1;
			preferredProjectObjectVersion = 77;
			productRefGroup = 8DC8A2622CAAF3E10082FC67 /* Products */;
			projectDirPath = "";
			projectRoot = "";
			targets = (
				8DC8A2602CAAF3E10082FC67 /* VoiceMemo */,
				8DC8A2702CAAF3E20082FC67 /* VoiceMemoTests */,
				8DC8A27A2CAAF3E20082FC67 /* VoiceMemoUITests */,
			);
		};
/* End PBXProject section */

/* Begin PBXResourcesBuildPhase section */
		8DC8A25F2CAAF3E10082FC67 /* Resources */ = {
			isa = PBXResourcesBuildPhase;
			buildActionMask = 2147483647;
			files = (
				8DB2441F2CAC31B800D533C3 /* LaunchScreen.storyboard in Resources */,
				8DB244212CAC324F00D533C3 /* Preview Assets.xcassets in Resources */,
				8DB244052CAC2D4400D533C3 /* Assets.xcassets in Resources */,
			);
			runOnlyForDeploymentPostprocessing = 0;
		};
		8DC8A26F2CAAF3E20082FC67 /* Resources */ = {
			isa = PBXResourcesBuildPhase;
			buildActionMask = 2147483647;
			files = (
			);
			runOnlyForDeploymentPostprocessing = 0;
		};
		8DC8A2792CAAF3E20082FC67 /* Resources */ = {
			isa = PBXResourcesBuildPhase;
			buildActionMask = 2147483647;
			files = (
			);
			runOnlyForDeploymentPostprocessing = 0;
		};
/* End PBXResourcesBuildPhase section */

/* Begin PBXSourcesBuildPhase section */
		8DC8A25D2CAAF3E10082FC67 /* Sources */ = {
			isa = PBXSourcesBuildPhase;
			buildActionMask = 2147483647;
			files = (
				8DB2442A2CAC335B00D533C3 /* AppDelegate.swift in Sources */,
				8DB244022CAC2D4400D533C3 /* ContentView.swift in Sources */,
				8DB244032CAC2D4400D533C3 /* VoiceMemoApp.swift in Sources */,
			);
			runOnlyForDeploymentPostprocessing = 0;
		};
		8DC8A26D2CAAF3E20082FC67 /* Sources */ = {
			isa = PBXSourcesBuildPhase;
			buildActionMask = 2147483647;
			files = (
				8DB244072CAC2D4400D533C3 /* VoiceMemoTests.swift in Sources */,
			);
			runOnlyForDeploymentPostprocessing = 0;
		};
		8DC8A2772CAAF3E20082FC67 /* Sources */ = {
			isa = PBXSourcesBuildPhase;
			buildActionMask = 2147483647;
			files = (
				8DB2440A2CAC2D4400D533C3 /* VoiceMemoUITests.swift in Sources */,
				8DB2440B2CAC2D4400D533C3 /* VoiceMemoUITestsLaunchTests.swift in Sources */,
			);
			runOnlyForDeploymentPostprocessing = 0;
		};
/* End PBXSourcesBuildPhase section */

/* Begin PBXTargetDependency section */
		8DC8A2732CAAF3E20082FC67 /* PBXTargetDependency */ = {
			isa = PBXTargetDependency;
			target = 8DC8A2602CAAF3E10082FC67 /* VoiceMemo */;
			targetProxy = 8DC8A2722CAAF3E20082FC67 /* PBXContainerItemProxy */;
		};
		8DC8A27D2CAAF3E20082FC67 /* PBXTargetDependency */ = {
			isa = PBXTargetDependency;
			target = 8DC8A2602CAAF3E10082FC67 /* VoiceMemo */;
			targetProxy = 8DC8A27C2CAAF3E20082FC67 /* PBXContainerItemProxy */;
		};
/* End PBXTargetDependency section */

/* Begin XCBuildConfiguration section */
		8DC8A2832CAAF3E20082FC67 /* Debug */ = {
			isa = XCBuildConfiguration;
			buildSettings = {
				ALWAYS_SEARCH_USER_PATHS = NO;
				ASSETCATALOG_COMPILER_GENERATE_SWIFT_ASSET_SYMBOL_EXTENSIONS = YES;
				CLANG_ANALYZER_NONNULL = YES;
				CLANG_ANALYZER_NUMBER_OBJECT_CONVERSION = YES_AGGRESSIVE;
				CLANG_CXX_LANGUAGE_STANDARD = "gnu++20";
				CLANG_ENABLE_MODULES = YES;
				CLANG_ENABLE_OBJC_ARC = YES;
				CLANG_ENABLE_OBJC_WEAK = YES;
				CLANG_WARN_BLOCK_CAPTURE_AUTORELEASING = YES;
				CLANG_WARN_BOOL_CONVERSION = YES;
				CLANG_WARN_COMMA = YES;
				CLANG_WARN_CONSTANT_CONVERSION = YES;
				CLANG_WARN_DEPRECATED_OBJC_IMPLEMENTATIONS = YES;
				CLANG_WARN_DIRECT_OBJC_ISA_USAGE = YES_ERROR;
				CLANG_WARN_DOCUMENTATION_COMMENTS = YES;
				CLANG_WARN_EMPTY_BODY = YES;
				CLANG_WARN_ENUM_CONVERSION = YES;
				CLANG_WARN_INFINITE_RECURSION = YES;
				CLANG_WARN_INT_CONVERSION = YES;
				CLANG_WARN_NON_LITERAL_NULL_CONVERSION = YES;
				CLANG_WARN_OBJC_IMPLICIT_RETAIN_SELF = YES;
				CLANG_WARN_OBJC_LITERAL_CONVERSION = YES;
				CLANG_WARN_OBJC_ROOT_CLASS = YES_ERROR;
				CLANG_WARN_QUOTED_INCLUDE_IN_FRAMEWORK_HEADER = YES;
				CLANG_WARN_RANGE_LOOP_ANALYSIS = YES;
				CLANG_WARN_STRICT_PROTOTYPES = YES;
				CLANG_WARN_SUSPICIOUS_MOVE = YES;
				CLANG_WARN_UNGUARDED_AVAILABILITY = YES_AGGRESSIVE;
				CLANG_WARN_UNREACHABLE_CODE = YES;
				CLANG_WARN__DUPLICATE_METHOD_MATCH = YES;
				COPY_PHASE_STRIP = NO;
				DEBUG_INFORMATION_FORMAT = dwarf;
				ENABLE_STRICT_OBJC_MSGSEND = YES;
				ENABLE_TESTABILITY = YES;
				ENABLE_USER_SCRIPT_SANDBOXING = YES;
				GCC_C_LANGUAGE_STANDARD = gnu17;
				GCC_DYNAMIC_NO_PIC = NO;
				GCC_NO_COMMON_BLOCKS = YES;
				GCC_OPTIMIZATION_LEVEL = 0;
				GCC_PREPROCESSOR_DEFINITIONS = (
					"DEBUG=1",
					"$(inherited)",
				);
				GCC_WARN_64_TO_32_BIT_CONVERSION = YES;
				GCC_WARN_ABOUT_RETURN_TYPE = YES_ERROR;
				GCC_WARN_UNDECLARED_SELECTOR = YES;
				GCC_WARN_UNINITIALIZED_AUTOS = YES_AGGRESSIVE;
				GCC_WARN_UNUSED_FUNCTION = YES;
				GCC_WARN_UNUSED_VARIABLE = YES;
				IPHONEOS_DEPLOYMENT_TARGET = 18.0;
				LOCALIZATION_PREFERS_STRING_CATALOGS = YES;
				MTL_ENABLE_DEBUG_INFO = INCLUDE_SOURCE;
				MTL_FAST_MATH = YES;
				ONLY_ACTIVE_ARCH = YES;
				SDKROOT = iphoneos;
				SWIFT_ACTIVE_COMPILATION_CONDITIONS = "DEBUG $(inherited)";
				SWIFT_OPTIMIZATION_LEVEL = "-Onone";
			};
			name = Debug;
		};
		8DC8A2842CAAF3E20082FC67 /* Release */ = {
			isa = XCBuildConfiguration;
			buildSettings = {
				ALWAYS_SEARCH_USER_PATHS = NO;
				ASSETCATALOG_COMPILER_GENERATE_SWIFT_ASSET_SYMBOL_EXTENSIONS = YES;
				CLANG_ANALYZER_NONNULL = YES;
				CLANG_ANALYZER_NUMBER_OBJECT_CONVERSION = YES_AGGRESSIVE;
				CLANG_CXX_LANGUAGE_STANDARD = "gnu++20";
				CLANG_ENABLE_MODULES = YES;
				CLANG_ENABLE_OBJC_ARC = YES;
				CLANG_ENABLE_OBJC_WEAK = YES;
				CLANG_WARN_BLOCK_CAPTURE_AUTORELEASING = YES;
				CLANG_WARN_BOOL_CONVERSION = YES;
				CLANG_WARN_COMMA = YES;
				CLANG_WARN_CONSTANT_CONVERSION = YES;
				CLANG_WARN_DEPRECATED_OBJC_IMPLEMENTATIONS = YES;
				CLANG_WARN_DIRECT_OBJC_ISA_USAGE = YES_ERROR;
				CLANG_WARN_DOCUMENTATION_COMMENTS = YES;
				CLANG_WARN_EMPTY_BODY = YES;
				CLANG_WARN_ENUM_CONVERSION = YES;
				CLANG_WARN_INFINITE_RECURSION = YES;
				CLANG_WARN_INT_CONVERSION = YES;
				CLANG_WARN_NON_LITERAL_NULL_CONVERSION = YES;
				CLANG_WARN_OBJC_IMPLICIT_RETAIN_SELF = YES;
				CLANG_WARN_OBJC_LITERAL_CONVERSION = YES;
				CLANG_WARN_OBJC_ROOT_CLASS = YES_ERROR;
				CLANG_WARN_QUOTED_INCLUDE_IN_FRAMEWORK_HEADER = YES;
				CLANG_WARN_RANGE_LOOP_ANALYSIS = YES;
				CLANG_WARN_STRICT_PROTOTYPES = YES;
				CLANG_WARN_SUSPICIOUS_MOVE = YES;
				CLANG_WARN_UNGUARDED_AVAILABILITY = YES_AGGRESSIVE;
				CLANG_WARN_UNREACHABLE_CODE = YES;
				CLANG_WARN__DUPLICATE_METHOD_MATCH = YES;
				COPY_PHASE_STRIP = NO;
				DEBUG_INFORMATION_FORMAT = "dwarf-with-dsym";
				ENABLE_NS_ASSERTIONS = NO;
				ENABLE_STRICT_OBJC_MSGSEND = YES;
				ENABLE_USER_SCRIPT_SANDBOXING = YES;
				GCC_C_LANGUAGE_STANDARD = gnu17;
				GCC_NO_COMMON_BLOCKS = YES;
				GCC_WARN_64_TO_32_BIT_CONVERSION = YES;
				GCC_WARN_ABOUT_RETURN_TYPE = YES_ERROR;
				GCC_WARN_UNDECLARED_SELECTOR = YES;
				GCC_WARN_UNINITIALIZED_AUTOS = YES_AGGRESSIVE;
				GCC_WARN_UNUSED_FUNCTION = YES;
				GCC_WARN_UNUSED_VARIABLE = YES;
				IPHONEOS_DEPLOYMENT_TARGET = 18.0;
				LOCALIZATION_PREFERS_STRING_CATALOGS = YES;
				MTL_ENABLE_DEBUG_INFO = NO;
				MTL_FAST_MATH = YES;
				SDKROOT = iphoneos;
				SWIFT_COMPILATION_MODE = wholemodule;
				VALIDATE_PRODUCT = YES;
			};
			name = Release;
		};
		8DC8A2862CAAF3E20082FC67 /* Debug */ = {
			isa = XCBuildConfiguration;
			buildSettings = {
				ASSETCATALOG_COMPILER_APPICON_NAME = AppIcon;
				ASSETCATALOG_COMPILER_GLOBAL_ACCENT_COLOR_NAME = AccentColor;
				CODE_SIGN_STYLE = Automatic;
				CURRENT_PROJECT_VERSION = 1;
				DEVELOPMENT_ASSET_PATHS = "\"VoiceMemo/Preview Content\"";
				DEVELOPMENT_TEAM = GMHUACJXLZ;
				ENABLE_PREVIEWS = YES;
				GENERATE_INFOPLIST_FILE = YES;
				INFOPLIST_KEY_UIApplicationSceneManifest_Generation = YES;
				INFOPLIST_KEY_UIApplicationSupportsIndirectInputEvents = YES;
				INFOPLIST_KEY_UILaunchScreen_Generation = YES;
				INFOPLIST_KEY_UILaunchStoryboardName = LaunchScreen;
				INFOPLIST_KEY_UIStatusBarStyle = UIStatusBarStyleLightContent;
				INFOPLIST_KEY_UISupportedInterfaceOrientations = UIInterfaceOrientationPortrait;
				IPHONEOS_DEPLOYMENT_TARGET = 16.0;
				LD_RUNPATH_SEARCH_PATHS = (
					"$(inherited)",
					"@executable_path/Frameworks",
				);
				MARKETING_VERSION = 1.0;
				PRODUCT_BUNDLE_IDENTIFIER = com.lonalia.VoiceMemo;
				PRODUCT_NAME = "$(TARGET_NAME)";
				SWIFT_EMIT_LOC_STRINGS = YES;
				SWIFT_VERSION = 5.0;
				TARGETED_DEVICE_FAMILY = "1,2";
			};
			name = Debug;
		};
		8DC8A2872CAAF3E20082FC67 /* Release */ = {
			isa = XCBuildConfiguration;
			buildSettings = {
				ASSETCATALOG_COMPILER_APPICON_NAME = AppIcon;
				ASSETCATALOG_COMPILER_GLOBAL_ACCENT_COLOR_NAME = AccentColor;
				CODE_SIGN_STYLE = Automatic;
				CURRENT_PROJECT_VERSION = 1;
				DEVELOPMENT_ASSET_PATHS = "\"VoiceMemo/Preview Content\"";
				DEVELOPMENT_TEAM = GMHUACJXLZ;
				ENABLE_PREVIEWS = YES;
				GENERATE_INFOPLIST_FILE = YES;
				INFOPLIST_KEY_UIApplicationSceneManifest_Generation = YES;
				INFOPLIST_KEY_UIApplicationSupportsIndirectInputEvents = YES;
				INFOPLIST_KEY_UILaunchScreen_Generation = YES;
				INFOPLIST_KEY_UILaunchStoryboardName = LaunchScreen;
				INFOPLIST_KEY_UIStatusBarStyle = UIStatusBarStyleLightContent;
				INFOPLIST_KEY_UISupportedInterfaceOrientations = UIInterfaceOrientationPortrait;
				IPHONEOS_DEPLOYMENT_TARGET = 16.0;
				LD_RUNPATH_SEARCH_PATHS = (
					"$(inherited)",
					"@executable_path/Frameworks",
				);
				MARKETING_VERSION = 1.0;
				PRODUCT_BUNDLE_IDENTIFIER = com.lonalia.VoiceMemo;
				PRODUCT_NAME = "$(TARGET_NAME)";
				SWIFT_EMIT_LOC_STRINGS = YES;
				SWIFT_VERSION = 5.0;
				TARGETED_DEVICE_FAMILY = "1,2";
			};
			name = Release;
		};
		8DC8A2892CAAF3E20082FC67 /* Debug */ = {
			isa = XCBuildConfiguration;
			buildSettings = {
				BUNDLE_LOADER = "$(TEST_HOST)";
				CODE_SIGN_STYLE = Automatic;
				CURRENT_PROJECT_VERSION = 1;
				DEVELOPMENT_TEAM = GMHUACJXLZ;
				GENERATE_INFOPLIST_FILE = YES;
				IPHONEOS_DEPLOYMENT_TARGET = 18.0;
				MARKETING_VERSION = 1.0;
				PRODUCT_BUNDLE_IDENTIFIER = com.lonalia.VoiceMemoTests;
				PRODUCT_NAME = "$(TARGET_NAME)";
				SWIFT_EMIT_LOC_STRINGS = NO;
				SWIFT_VERSION = 5.0;
				TARGETED_DEVICE_FAMILY = "1,2";
				TEST_HOST = "$(BUILT_PRODUCTS_DIR)/VoiceMemo.app/$(BUNDLE_EXECUTABLE_FOLDER_PATH)/VoiceMemo";
			};
			name = Debug;
		};
		8DC8A28A2CAAF3E20082FC67 /* Release */ = {
			isa = XCBuildConfiguration;
			buildSettings = {
				BUNDLE_LOADER = "$(TEST_HOST)";
				CODE_SIGN_STYLE = Automatic;
				CURRENT_PROJECT_VERSION = 1;
				DEVELOPMENT_TEAM = GMHUACJXLZ;
				GENERATE_INFOPLIST_FILE = YES;
				IPHONEOS_DEPLOYMENT_TARGET = 18.0;
				MARKETING_VERSION = 1.0;
				PRODUCT_BUNDLE_IDENTIFIER = com.lonalia.VoiceMemoTests;
				PRODUCT_NAME = "$(TARGET_NAME)";
				SWIFT_EMIT_LOC_STRINGS = NO;
				SWIFT_VERSION = 5.0;
				TARGETED_DEVICE_FAMILY = "1,2";
				TEST_HOST = "$(BUILT_PRODUCTS_DIR)/VoiceMemo.app/$(BUNDLE_EXECUTABLE_FOLDER_PATH)/VoiceMemo";
			};
			name = Release;
		};
		8DC8A28C2CAAF3E20082FC67 /* Debug */ = {
			isa = XCBuildConfiguration;
			buildSettings = {
				CODE_SIGN_STYLE = Automatic;
				CURRENT_PROJECT_VERSION = 1;
				DEVELOPMENT_TEAM = GMHUACJXLZ;
				GENERATE_INFOPLIST_FILE = YES;
				MARKETING_VERSION = 1.0;
				PRODUCT_BUNDLE_IDENTIFIER = com.lonalia.VoiceMemoUITests;
				PRODUCT_NAME = "$(TARGET_NAME)";
				SWIFT_EMIT_LOC_STRINGS = NO;
				SWIFT_VERSION = 5.0;
				TARGETED_DEVICE_FAMILY = "1,2";
				TEST_TARGET_NAME = VoiceMemo;
			};
			name = Debug;
		};
		8DC8A28D2CAAF3E20082FC67 /* Release */ = {
			isa = XCBuildConfiguration;
			buildSettings = {
				CODE_SIGN_STYLE = Automatic;
				CURRENT_PROJECT_VERSION = 1;
				DEVELOPMENT_TEAM = GMHUACJXLZ;
				GENERATE_INFOPLIST_FILE = YES;
				MARKETING_VERSION = 1.0;
				PRODUCT_BUNDLE_IDENTIFIER = com.lonalia.VoiceMemoUITests;
				PRODUCT_NAME = "$(TARGET_NAME)";
				SWIFT_EMIT_LOC_STRINGS = NO;
				SWIFT_VERSION = 5.0;
				TARGETED_DEVICE_FAMILY = "1,2";
				TEST_TARGET_NAME = VoiceMemo;
			};
			name = Release;
		};
/* End XCBuildConfiguration section */

/* Begin XCConfigurationList section */
		8DC8A25C2CAAF3E10082FC67 /* Build configuration list for PBXProject "VoiceMemo" */ = {
			isa = XCConfigurationList;
			buildConfigurations = (
				8DC8A2832CAAF3E20082FC67 /* Debug */,
				8DC8A2842CAAF3E20082FC67 /* Release */,
			);
			defaultConfigurationIsVisible = 0;
			defaultConfigurationName = Release;
		};
		8DC8A2852CAAF3E20082FC67 /* Build configuration list for PBXNativeTarget "VoiceMemo" */ = {
			isa = XCConfigurationList;
			buildConfigurations = (
				8DC8A2862CAAF3E20082FC67 /* Debug */,
				8DC8A2872CAAF3E20082FC67 /* Release */,
			);
			defaultConfigurationIsVisible = 0;
			defaultConfigurationName = Release;
		};
		8DC8A2882CAAF3E20082FC67 /* Build configuration list for PBXNativeTarget "VoiceMemoTests" */ = {
			isa = XCConfigurationList;
			buildConfigurations = (
				8DC8A2892CAAF3E20082FC67 /* Debug */,
				8DC8A28A2CAAF3E20082FC67 /* Release */,
			);
			defaultConfigurationIsVisible = 0;
			defaultConfigurationName = Release;
		};
		8DC8A28B2CAAF3E20082FC67 /* Build configuration list for PBXNativeTarget "VoiceMemoUITests" */ = {
			isa = XCConfigurationList;
			buildConfigurations = (
				8DC8A28C2CAAF3E20082FC67 /* Debug */,
				8DC8A28D2CAAF3E20082FC67 /* Release */,
			);
			defaultConfigurationIsVisible = 0;
			defaultConfigurationName = Release;
		};
/* End XCConfigurationList section */
	};
	rootObject = 8DC8A2592CAAF3E10082FC67 /* Project object */;
}
