// !$*UTF8*$!
{
	archiveVersion = 1;
	classes = {
	};
	objectVersion = 77;
	objects = {

/* Begin PBXBuildFile section */
		8DDF7DB92F57CFFB005F9340 /* Assets.xcassets in Resources */ = {isa = PBXBuildFile; fileRef = 8DDF7DB52F57CFFB005F9340 /* Assets.xcassets */; };
		8DDF7DBA2F57CFFB005F9340 /* ContentView.swift in Sources */ = {isa = PBXBuildFile; fileRef = 8DDF7DB62F57CFFB005F9340 /* ContentView.swift */; };
		8DDF7DBB2F57CFFB005F9340 /* LMessengerApp.swift in Sources */ = {isa = PBXBuildFile; fileRef = 8DDF7DB72F57CFFB005F9340 /* LMessengerApp.swift */; };
		8DDF7DBE2F57CFFB005F9340 /* LMessengerTests.swift in Sources */ = {isa = PBXBuildFile; fileRef = 8DDF7DBC2F57CFFB005F9340 /* LMessengerTests.swift */; };
		8DDF7DC22F57CFFB005F9340 /* LMessengerUITests.swift in Sources */ = {isa = PBXBuildFile; fileRef = 8DDF7DBF2F57CFFB005F9340 /* LMessengerUITests.swift */; };
		8DDF7DC32F57CFFB005F9340 /* LMessengerUITestsLaunchTests.swift in Sources */ = {isa = PBXBuildFile; fileRef = 8DDF7DC02F57CFFB005F9340 /* LMessengerUITestsLaunchTests.swift */; };
		8DDF7DC52F57D0FC005F9340 /* Colors.xcassets in Resources */ = {isa = PBXBuildFile; fileRef = 8DDF7DC42F57D0FC005F9340 /* Colors.xcassets */; };
		8DDF7DCA2F57D25F005F9340 /* Color+Extension.swift in Sources */ = {isa = PBXBuildFile; fileRef = 8DDF7DC92F57D25F005F9340 /* Color+Extension.swift */; };
/* End PBXBuildFile section */

/* Begin PBXContainerItemProxy section */
		8DDF7D992F57CFEF005F9340 /* PBXContainerItemProxy */ = {
			isa = PBXContainerItemProxy;
			containerPortal = 8DDF7D832F57CFEE005F9340 /* Project object */;
			proxyType = 1;
			remoteGlobalIDString = 8DDF7D8A2F57CFEE005F9340;
			remoteInfo = LMessenger;
		};
		8DDF7DA32F57CFEF005F9340 /* PBXContainerItemProxy */ = {
			isa = PBXContainerItemProxy;
			containerPortal = 8DDF7D832F57CFEE005F9340 /* Project object */;
			proxyType = 1;
			remoteGlobalIDString = 8DDF7D8A2F57CFEE005F9340;
			remoteInfo = LMessenger;
		};
/* End PBXContainerItemProxy section */

/* Begin PBXFileReference section */
		8DDF7D8B2F57CFEE005F9340 /* LMessenger.app */ = {isa = PBXFileReference; explicitFileType = wrapper.application; includeInIndex = 0; path = LMessenger.app; sourceTree = BUILT_PRODUCTS_DIR; };
		8DDF7D982F57CFEF005F9340 /* LMessengerTests.xctest */ = {isa = PBXFileReference; explicitFileType = wrapper.cfbundle; includeInIndex = 0; path = LMessengerTests.xctest; sourceTree = BUILT_PRODUCTS_DIR; };
		8DDF7DA22F57CFEF005F9340 /* LMessengerUITests.xctest */ = {isa = PBXFileReference; explicitFileType = wrapper.cfbundle; includeInIndex = 0; path = LMessengerUITests.xctest; sourceTree = BUILT_PRODUCTS_DIR; };
		8DDF7DB52F57CFFB005F9340 /* Assets.xcassets */ = {isa = PBXFileReference; lastKnownFileType = folder.assetcatalog; path = Assets.xcassets; sourceTree = "<group>"; };
		8DDF7DB62F57CFFB005F9340 /* ContentView.swift */ = {isa = PBXFileReference; lastKnownFileType = sourcecode.swift; path = ContentView.swift; sourceTree = "<group>"; };
		8DDF7DB72F57CFFB005F9340 /* LMessengerApp.swift */ = {isa = PBXFileReference; lastKnownFileType = sourcecode.swift; path = LMessengerApp.swift; sourceTree = "<group>"; };
		8DDF7DBC2F57CFFB005F9340 /* LMessengerTests.swift */ = {isa = PBXFileReference; lastKnownFileType = sourcecode.swift; path = LMessengerTests.swift; sourceTree = "<group>"; };
		8DDF7DBF2F57CFFB005F9340 /* LMessengerUITests.swift */ = {isa = PBXFileReference; lastKnownFileType = sourcecode.swift; path = LMessengerUITests.swift; sourceTree = "<group>"; };
		8DDF7DC02F57CFFB005F9340 /* LMessengerUITestsLaunchTests.swift */ = {isa = PBXFileReference; lastKnownFileType = sourcecode.swift; path = LMessengerUITestsLaunchTests.swift; sourceTree = "<group>"; };
		8DDF7DC42F57D0FC005F9340 /* Colors.xcassets */ = {isa = PBXFileReference; lastKnownFileType = folder.assetcatalog; path = Colors.xcassets; sourceTree = "<group>"; };
		8DDF7DC92F57D25F005F9340 /* Color+Extension.swift */ = {isa = PBXFileReference; lastKnownFileType = sourcecode.swift; path = "Color+Extension.swift"; sourceTree = "<group>"; };
/* End PBXFileReference section */

/* Begin PBXFrameworksBuildPhase section */
		8DDF7D882F57CFEE005F9340 /* Frameworks */ = {
			isa = PBXFrameworksBuildPhase;
			buildActionMask = 2147483647;
			files = (
			);
			runOnlyForDeploymentPostprocessing = 0;
		};
		8DDF7D952F57CFEF005F9340 /* Frameworks */ = {
			isa = PBXFrameworksBuildPhase;
			buildActionMask = 2147483647;
			files = (
			);
			runOnlyForDeploymentPostprocessing = 0;
		};
		8DDF7D9F2F57CFEF005F9340 /* Frameworks */ = {
			isa = PBXFrameworksBuildPhase;
			buildActionMask = 2147483647;
			files = (
			);
			runOnlyForDeploymentPostprocessing = 0;
		};
/* End PBXFrameworksBuildPhase section */

/* Begin PBXGroup section */
		8DDF7D822F57CFEE005F9340 = {
			isa = PBXGroup;
			children = (
				8DDF7DB82F57CFFB005F9340 /* LMessenger */,
				8DDF7DBD2F57CFFB005F9340 /* LMessengerTests */,
				8DDF7DC12F57CFFB005F9340 /* LMessengerUITests */,
				8DDF7D8C2F57CFEE005F9340 /* Products */,
			);
			sourceTree = "<group>";
		};
		8DDF7D8C2F57CFEE005F9340 /* Products */ = {
			isa = PBXGroup;
			children = (
				8DDF7D8B2F57CFEE005F9340 /* LMessenger.app */,
				8DDF7D982F57CFEF005F9340 /* LMessengerTests.xctest */,
				8DDF7DA22F57CFEF005F9340 /* LMessengerUITests.xctest */,
			);
			name = Products;
			sourceTree = "<group>";
		};
		8DDF7DB82F57CFFB005F9340 /* LMessenger */ = {
			isa = PBXGroup;
			children = (
				8DDF7DC82F57D1E4005F9340 /* Extension */,
				8DDF7DC62F57D159005F9340 /* Resource */,
				8DDF7DB62F57CFFB005F9340 /* ContentView.swift */,
				8DDF7DB72F57CFFB005F9340 /* LMessengerApp.swift */,
			);
			path = LMessenger;
			sourceTree = "<group>";
		};
		8DDF7DBD2F57CFFB005F9340 /* LMessengerTests */ = {
			isa = PBXGroup;
			children = (
				8DDF7DBC2F57CFFB005F9340 /* LMessengerTests.swift */,
			);
			path = LMessengerTests;
			sourceTree = "<group>";
		};
		8DDF7DC12F57CFFB005F9340 /* LMessengerUITests */ = {
			isa = PBXGroup;
			children = (
				8DDF7DBF2F57CFFB005F9340 /* LMessengerUITests.swift */,
				8DDF7DC02F57CFFB005F9340 /* LMessengerUITestsLaunchTests.swift */,
			);
			path = LMessengerUITests;
			sourceTree = "<group>";
		};
		8DDF7DC62F57D159005F9340 /* Resource */ = {
			isa = PBXGroup;
			children = (
				8DDF7DB52F57CFFB005F9340 /* Assets.xcassets */,
				8DDF7DC42F57D0FC005F9340 /* Colors.xcassets */,
			);
			path = Resource;
			sourceTree = "<group>";
		};
		8DDF7DC82F57D1E4005F9340 /* Extension */ = {
			isa = PBXGroup;
			children = (
				8DDF7DC92F57D25F005F9340 /* Color+Extension.swift */,
			);
			path = Extension;
			sourceTree = "<group>";
		};
/* End PBXGroup section */

/* Begin PBXNativeTarget section */
		8DDF7D8A2F57CFEE005F9340 /* LMessenger */ = {
			isa = PBXNativeTarget;
			buildConfigurationList = 8DDF7DAC2F57CFEF005F9340 /* Build configuration list for PBXNativeTarget "LMessenger" */;
			buildPhases = (
				8DDF7D872F57CFEE005F9340 /* Sources */,
				8DDF7D882F57CFEE005F9340 /* Frameworks */,
				8DDF7D892F57CFEE005F9340 /* Resources */,
			);
			buildRules = (
			);
			dependencies = (
			);
			name = LMessenger;
			packageProductDependencies = (
			);
			productName = LMessenger;
			productReference = 8DDF7D8B2F57CFEE005F9340 /* LMessenger.app */;
			productType = "com.apple.product-type.application";
		};
		8DDF7D972F57CFEF005F9340 /* LMessengerTests */ = {
			isa = PBXNativeTarget;
			buildConfigurationList = 8DDF7DAF2F57CFEF005F9340 /* Build configuration list for PBXNativeTarget "LMessengerTests" */;
			buildPhases = (
				8DDF7D942F57CFEF005F9340 /* Sources */,
				8DDF7D952F57CFEF005F9340 /* Frameworks */,
				8DDF7D962F57CFEF005F9340 /* Resources */,
			);
			buildRules = (
			);
			dependencies = (
				8DDF7D9A2F57CFEF005F9340 /* PBXTargetDependency */,
			);
			name = LMessengerTests;
			packageProductDependencies = (
			);
			productName = LMessengerTests;
			productReference = 8DDF7D982F57CFEF005F9340 /* LMessengerTests.xctest */;
			productType = "com.apple.product-type.bundle.unit-test";
		};
		8DDF7DA12F57CFEF005F9340 /* LMessengerUITests */ = {
			isa = PBXNativeTarget;
			buildConfigurationList = 8DDF7DB22F57CFEF005F9340 /* Build configuration list for PBXNativeTarget "LMessengerUITests" */;
			buildPhases = (
				8DDF7D9E2F57CFEF005F9340 /* Sources */,
				8DDF7D9F2F57CFEF005F9340 /* Frameworks */,
				8DDF7DA02F57CFEF005F9340 /* Resources */,
			);
			buildRules = (
			);
			dependencies = (
				8DDF7DA42F57CFEF005F9340 /* PBXTargetDependency */,
			);
			name = LMessengerUITests;
			packageProductDependencies = (
			);
			productName = LMessengerUITests;
			productReference = 8DDF7DA22F57CFEF005F9340 /* LMessengerUITests.xctest */;
			productType = "com.apple.product-type.bundle.ui-testing";
		};
/* End PBXNativeTarget section */

/* Begin PBXProject section */
		8DDF7D832F57CFEE005F9340 /* Project object */ = {
			isa = PBXProject;
			attributes = {
				BuildIndependentTargetsInParallel = 1;
				LastSwiftUpdateCheck = 2620;
				LastUpgradeCheck = 2620;
				TargetAttributes = {
					8DDF7D8A2F57CFEE005F9340 = {
						CreatedOnToolsVersion = 26.2;
					};
					8DDF7D972F57CFEF005F9340 = {
						CreatedOnToolsVersion = 26.2;
						TestTargetID = 8DDF7D8A2F57CFEE005F9340;
					};
					8DDF7DA12F57CFEF005F9340 = {
						CreatedOnToolsVersion = 26.2;
						TestTargetID = 8DDF7D8A2F57CFEE005F9340;
					};
				};
			};
			buildConfigurationList = 8DDF7D862F57CFEE005F9340 /* Build configuration list for PBXProject "LMessenger" */;
			developmentRegion = en;
			hasScannedForEncodings = 0;
			knownRegions = (
				en,
				Base,
			);
			mainGroup = 8DDF7D822F57CFEE005F9340;
			minimizedProjectReferenceProxies = 1;
			preferredProjectObjectVersion = 77;
			productRefGroup = 8DDF7D8C2F57CFEE005F9340 /* Products */;
			projectDirPath = "";
			projectRoot = "";
			targets = (
				8DDF7D8A2F57CFEE005F9340 /* LMessenger */,
				8DDF7D972F57CFEF005F9340 /* LMessengerTests */,
				8DDF7DA12F57CFEF005F9340 /* LMessengerUITests */,
			);
		};
/* End PBXProject section */

/* Begin PBXResourcesBuildPhase section */
		8DDF7D892F57CFEE005F9340 /* Resources */ = {
			isa = PBXResourcesBuildPhase;
			buildActionMask = 2147483647;
			files = (
				8DDF7DB92F57CFFB005F9340 /* Assets.xcassets in Resources */,
				8DDF7DC52F57D0FC005F9340 /* Colors.xcassets in Resources */,
			);
			runOnlyForDeploymentPostprocessing = 0;
		};
		8DDF7D962F57CFEF005F9340 /* Resources */ = {
			isa = PBXResourcesBuildPhase;
			buildActionMask = 2147483647;
			files = (
			);
			runOnlyForDeploymentPostprocessing = 0;
		};
		8DDF7DA02F57CFEF005F9340 /* Resources */ = {
			isa = PBXResourcesBuildPhase;
			buildActionMask = 2147483647;
			files = (
			);
			runOnlyForDeploymentPostprocessing = 0;
		};
/* End PBXResourcesBuildPhase section */

/* Begin PBXSourcesBuildPhase section */
		8DDF7D872F57CFEE005F9340 /* Sources */ = {
			isa = PBXSourcesBuildPhase;
			buildActionMask = 2147483647;
			files = (
				8DDF7DBA2F57CFFB005F9340 /* ContentView.swift in Sources */,
				8DDF7DCA2F57D25F005F9340 /* Color+Extension.swift in Sources */,
				8DDF7DBB2F57CFFB005F9340 /* LMessengerApp.swift in Sources */,
			);
			runOnlyForDeploymentPostprocessing = 0;
		};
		8DDF7D942F57CFEF005F9340 /* Sources */ = {
			isa = PBXSourcesBuildPhase;
			buildActionMask = 2147483647;
			files = (
				8DDF7DBE2F57CFFB005F9340 /* LMessengerTests.swift in Sources */,
			);
			runOnlyForDeploymentPostprocessing = 0;
		};
		8DDF7D9E2F57CFEF005F9340 /* Sources */ = {
			isa = PBXSourcesBuildPhase;
			buildActionMask = 2147483647;
			files = (
				8DDF7DC22F57CFFB005F9340 /* LMessengerUITests.swift in Sources */,
				8DDF7DC32F57CFFB005F9340 /* LMessengerUITestsLaunchTests.swift in Sources */,
			);
			runOnlyForDeploymentPostprocessing = 0;
		};
/* End PBXSourcesBuildPhase section */

/* Begin PBXTargetDependency section */
		8DDF7D9A2F57CFEF005F9340 /* PBXTargetDependency */ = {
			isa = PBXTargetDependency;
			target = 8DDF7D8A2F57CFEE005F9340 /* LMessenger */;
			targetProxy = 8DDF7D992F57CFEF005F9340 /* PBXContainerItemProxy */;
		};
		8DDF7DA42F57CFEF005F9340 /* PBXTargetDependency */ = {
			isa = PBXTargetDependency;
			target = 8DDF7D8A2F57CFEE005F9340 /* LMessenger */;
			targetProxy = 8DDF7DA32F57CFEF005F9340 /* PBXContainerItemProxy */;
		};
/* End PBXTargetDependency section */

/* Begin XCBuildConfiguration section */
		8DDF7DAA2F57CFEF005F9340 /* Debug */ = {
			isa = XCBuildConfiguration;
			buildSettings = {
				ALWAYS_SEARCH_USER_PATHS = NO;
				ASSETCATALOG_COMPILER_GENERATE_SWIFT_ASSET_SYMBOL_EXTENSIONS = YES;
				CLANG_ANALYZER_NONNULL = YES;
				CLANG_ANALYZER_NUMBER_OBJECT_CONVERSION = YES_AGGRESSIVE;
				CLANG_CXX_LANGUAGE_STANDARD = "gnu++20";
				CLANG_ENABLE_MODULES = YES;
				CLANG_ENABLE_OBJC_ARC = YES;
				CLANG_ENABLE_OBJC_WEAK = YES;
				CLANG_WARN_BLOCK_CAPTURE_AUTORELEASING = YES;
				CLANG_WARN_BOOL_CONVERSION = YES;
				CLANG_WARN_COMMA = YES;
				CLANG_WARN_CONSTANT_CONVERSION = YES;
				CLANG_WARN_DEPRECATED_OBJC_IMPLEMENTATIONS = YES;
				CLANG_WARN_DIRECT_OBJC_ISA_USAGE = YES_ERROR;
				CLANG_WARN_DOCUMENTATION_COMMENTS = YES;
				CLANG_WARN_EMPTY_BODY = YES;
				CLANG_WARN_ENUM_CONVERSION = YES;
				CLANG_WARN_INFINITE_RECURSION = YES;
				CLANG_WARN_INT_CONVERSION = YES;
				CLANG_WARN_NON_LITERAL_NULL_CONVERSION = YES;
				CLANG_WARN_OBJC_IMPLICIT_RETAIN_SELF = YES;
				CLANG_WARN_OBJC_LITERAL_CONVERSION = YES;
				CLANG_WARN_OBJC_ROOT_CLASS = YES_ERROR;
				CLANG_WARN_QUOTED_INCLUDE_IN_FRAMEWORK_HEADER = YES;
				CLANG_WARN_RANGE_LOOP_ANALYSIS = YES;
				CLANG_WARN_STRICT_PROTOTYPES = YES;
				CLANG_WARN_SUSPICIOUS_MOVE = YES;
				CLANG_WARN_UNGUARDED_AVAILABILITY = YES_AGGRESSIVE;
				CLANG_WARN_UNREACHABLE_CODE = YES;
				CLANG_WARN__DUPLICATE_METHOD_MATCH = YES;
				COPY_PHASE_STRIP = NO;
				DEBUG_INFORMATION_FORMAT = dwarf;
				DEVELOPMENT_TEAM = GMHUACJXLZ;
				ENABLE_STRICT_OBJC_MSGSEND = YES;
				ENABLE_TESTABILITY = YES;
				ENABLE_USER_SCRIPT_SANDBOXING = YES;
				GCC_C_LANGUAGE_STANDARD = gnu17;
				GCC_DYNAMIC_NO_PIC = NO;
				GCC_NO_COMMON_BLOCKS = YES;
				GCC_OPTIMIZATION_LEVEL = 0;
				GCC_PREPROCESSOR_DEFINITIONS = (
					"DEBUG=1",
					"$(inherited)",
				);
				GCC_WARN_64_TO_32_BIT_CONVERSION = YES;
				GCC_WARN_ABOUT_RETURN_TYPE = YES_ERROR;
				GCC_WARN_UNDECLARED_SELECTOR = YES;
				GCC_WARN_UNINITIALIZED_AUTOS = YES_AGGRESSIVE;
				GCC_WARN_UNUSED_FUNCTION = YES;
				GCC_WARN_UNUSED_VARIABLE = YES;
				IPHONEOS_DEPLOYMENT_TARGET = 26.2;
				LOCALIZATION_PREFERS_STRING_CATALOGS = YES;
				MTL_ENABLE_DEBUG_INFO = INCLUDE_SOURCE;
				MTL_FAST_MATH = YES;
				ONLY_ACTIVE_ARCH = YES;
				SDKROOT = iphoneos;
				SWIFT_ACTIVE_COMPILATION_CONDITIONS = "DEBUG $(inherited)";
				SWIFT_OPTIMIZATION_LEVEL = "-Onone";
			};
			name = Debug;
		};
		8DDF7DAB2F57CFEF005F9340 /* Release */ = {
			isa = XCBuildConfiguration;
			buildSettings = {
				ALWAYS_SEARCH_USER_PATHS = NO;
				ASSETCATALOG_COMPILER_GENERATE_SWIFT_ASSET_SYMBOL_EXTENSIONS = YES;
				CLANG_ANALYZER_NONNULL = YES;
				CLANG_ANALYZER_NUMBER_OBJECT_CONVERSION = YES_AGGRESSIVE;
				CLANG_CXX_LANGUAGE_STANDARD = "gnu++20";
				CLANG_ENABLE_MODULES = YES;
				CLANG_ENABLE_OBJC_ARC = YES;
				CLANG_ENABLE_OBJC_WEAK = YES;
				CLANG_WARN_BLOCK_CAPTURE_AUTORELEASING = YES;
				CLANG_WARN_BOOL_CONVERSION = YES;
				CLANG_WARN_COMMA = YES;
				CLANG_WARN_CONSTANT_CONVERSION = YES;
				CLANG_WARN_DEPRECATED_OBJC_IMPLEMENTATIONS = YES;
				CLANG_WARN_DIRECT_OBJC_ISA_USAGE = YES_ERROR;
				CLANG_WARN_DOCUMENTATION_COMMENTS = YES;
				CLANG_WARN_EMPTY_BODY = YES;
				CLANG_WARN_ENUM_CONVERSION = YES;
				CLANG_WARN_INFINITE_RECURSION = YES;
				CLANG_WARN_INT_CONVERSION = YES;
				CLANG_WARN_NON_LITERAL_NULL_CONVERSION = YES;
				CLANG_WARN_OBJC_IMPLICIT_RETAIN_SELF = YES;
				CLANG_WARN_OBJC_LITERAL_CONVERSION = YES;
				CLANG_WARN_OBJC_ROOT_CLASS = YES_ERROR;
				CLANG_WARN_QUOTED_INCLUDE_IN_FRAMEWORK_HEADER = YES;
				CLANG_WARN_RANGE_LOOP_ANALYSIS = YES;
				CLANG_WARN_STRICT_PROTOTYPES = YES;
				CLANG_WARN_SUSPICIOUS_MOVE = YES;
				CLANG_WARN_UNGUARDED_AVAILABILITY = YES_AGGRESSIVE;
				CLANG_WARN_UNREACHABLE_CODE = YES;
				CLANG_WARN__DUPLICATE_METHOD_MATCH = YES;
				COPY_PHASE_STRIP = NO;
				DEBUG_INFORMATION_FORMAT = "dwarf-with-dsym";
				DEVELOPMENT_TEAM = GMHUACJXLZ;
				ENABLE_NS_ASSERTIONS = NO;
				ENABLE_STRICT_OBJC_MSGSEND = YES;
				ENABLE_USER_SCRIPT_SANDBOXING = YES;
				GCC_C_LANGUAGE_STANDARD = gnu17;
				GCC_NO_COMMON_BLOCKS = YES;
				GCC_WARN_64_TO_32_BIT_CONVERSION = YES;
				GCC_WARN_ABOUT_RETURN_TYPE = YES_ERROR;
				GCC_WARN_UNDECLARED_SELECTOR = YES;
				GCC_WARN_UNINITIALIZED_AUTOS = YES_AGGRESSIVE;
				GCC_WARN_UNUSED_FUNCTION = YES;
				GCC_WARN_UNUSED_VARIABLE = YES;
				IPHONEOS_DEPLOYMENT_TARGET = 26.2;
				LOCALIZATION_PREFERS_STRING_CATALOGS = YES;
				MTL_ENABLE_DEBUG_INFO = NO;
				MTL_FAST_MATH = YES;
				SDKROOT = iphoneos;
				SWIFT_COMPILATION_MODE = wholemodule;
				VALIDATE_PRODUCT = YES;
			};
			name = Release;
		};
		8DDF7DAD2F57CFEF005F9340 /* Debug */ = {
			isa = XCBuildConfiguration;
			buildSettings = {
				ASSETCATALOG_COMPILER_APPICON_NAME = AppIcon;
				ASSETCATALOG_COMPILER_GLOBAL_ACCENT_COLOR_NAME = AccentColor;
				CODE_SIGN_STYLE = Automatic;
				CURRENT_PROJECT_VERSION = 1;
				DEVELOPMENT_TEAM = GMHUACJXLZ;
				ENABLE_PREVIEWS = YES;
				GENERATE_INFOPLIST_FILE = YES;
				INFOPLIST_KEY_UIApplicationSceneManifest_Generation = YES;
				INFOPLIST_KEY_UIApplicationSupportsIndirectInputEvents = YES;
				INFOPLIST_KEY_UILaunchScreen_Generation = YES;
				INFOPLIST_KEY_UISupportedInterfaceOrientations = UIInterfaceOrientationPortrait;
				IPHONEOS_DEPLOYMENT_TARGET = 16.0;
				LD_RUNPATH_SEARCH_PATHS = (
					"$(inherited)",
					"@executable_path/Frameworks",
				);
				MARKETING_VERSION = 1.0;
				PRODUCT_BUNDLE_IDENTIFIER = com.lonalia.LMessenger;
				PRODUCT_NAME = "$(TARGET_NAME)";
				STRING_CATALOG_GENERATE_SYMBOLS = YES;
				SWIFT_APPROACHABLE_CONCURRENCY = YES;
				SWIFT_DEFAULT_ACTOR_ISOLATION = MainActor;
				SWIFT_EMIT_LOC_STRINGS = YES;
				SWIFT_UPCOMING_FEATURE_MEMBER_IMPORT_VISIBILITY = YES;
				SWIFT_VERSION = 5.0;
				TARGETED_DEVICE_FAMILY = "1,2";
			};
			name = Debug;
		};
		8DDF7DAE2F57CFEF005F9340 /* Release */ = {
			isa = XCBuildConfiguration;
			buildSettings = {
				ASSETCATALOG_COMPILER_APPICON_NAME = AppIcon;
				ASSETCATALOG_COMPILER_GLOBAL_ACCENT_COLOR_NAME = AccentColor;
				CODE_SIGN_STYLE = Automatic;
				CURRENT_PROJECT_VERSION = 1;
				DEVELOPMENT_TEAM = GMHUACJXLZ;
				ENABLE_PREVIEWS = YES;
				GENERATE_INFOPLIST_FILE = YES;
				INFOPLIST_KEY_UIApplicationSceneManifest_Generation = YES;
				INFOPLIST_KEY_UIApplicationSupportsIndirectInputEvents = YES;
				INFOPLIST_KEY_UILaunchScreen_Generation = YES;
				INFOPLIST_KEY_UISupportedInterfaceOrientations = UIInterfaceOrientationPortrait;
				IPHONEOS_DEPLOYMENT_TARGET = 16.0;
				LD_RUNPATH_SEARCH_PATHS = (
					"$(inherited)",
					"@executable_path/Frameworks",
				);
				MARKETING_VERSION = 1.0;
				PRODUCT_BUNDLE_IDENTIFIER = com.lonalia.LMessenger;
				PRODUCT_NAME = "$(TARGET_NAME)";
				STRING_CATALOG_GENERATE_SYMBOLS = YES;
				SWIFT_APPROACHABLE_CONCURRENCY = YES;
				SWIFT_DEFAULT_ACTOR_ISOLATION = MainActor;
				SWIFT_EMIT_LOC_STRINGS = YES;
				SWIFT_UPCOMING_FEATURE_MEMBER_IMPORT_VISIBILITY = YES;
				SWIFT_VERSION = 5.0;
				TARGETED_DEVICE_FAMILY = "1,2";
			};
			name = Release;
		};
		8DDF7DB02F57CFEF005F9340 /* Debug */ = {
			isa = XCBuildConfiguration;
			buildSettings = {
				BUNDLE_LOADER = "$(TEST_HOST)";
				CODE_SIGN_STYLE = Automatic;
				CURRENT_PROJECT_VERSION = 1;
				DEVELOPMENT_TEAM = GMHUACJXLZ;
				GENERATE_INFOPLIST_FILE = YES;
				IPHONEOS_DEPLOYMENT_TARGET = 26.2;
				MARKETING_VERSION = 1.0;
				PRODUCT_BUNDLE_IDENTIFIER = com.lonalia.LMessengerTests;
				PRODUCT_NAME = "$(TARGET_NAME)";
				STRING_CATALOG_GENERATE_SYMBOLS = NO;
				SWIFT_APPROACHABLE_CONCURRENCY = YES;
				SWIFT_EMIT_LOC_STRINGS = NO;
				SWIFT_UPCOMING_FEATURE_MEMBER_IMPORT_VISIBILITY = YES;
				SWIFT_VERSION = 5.0;
				TARGETED_DEVICE_FAMILY = "1,2";
				TEST_HOST = "$(BUILT_PRODUCTS_DIR)/LMessenger.app/$(BUNDLE_EXECUTABLE_FOLDER_PATH)/LMessenger";
			};
			name = Debug;
		};
		8DDF7DB12F57CFEF005F9340 /* Release */ = {
			isa = XCBuildConfiguration;
			buildSettings = {
				BUNDLE_LOADER = "$(TEST_HOST)";
				CODE_SIGN_STYLE = Automatic;
				CURRENT_PROJECT_VERSION = 1;
				DEVELOPMENT_TEAM = GMHUACJXLZ;
				GENERATE_INFOPLIST_FILE = YES;
				IPHONEOS_DEPLOYMENT_TARGET = 26.2;
				MARKETING_VERSION = 1.0;
				PRODUCT_BUNDLE_IDENTIFIER = com.lonalia.LMessengerTests;
				PRODUCT_NAME = "$(TARGET_NAME)";
				STRING_CATALOG_GENERATE_SYMBOLS = NO;
				SWIFT_APPROACHABLE_CONCURRENCY = YES;
				SWIFT_EMIT_LOC_STRINGS = NO;
				SWIFT_UPCOMING_FEATURE_MEMBER_IMPORT_VISIBILITY = YES;
				SWIFT_VERSION = 5.0;
				TARGETED_DEVICE_FAMILY = "1,2";
				TEST_HOST = "$(BUILT_PRODUCTS_DIR)/LMessenger.app/$(BUNDLE_EXECUTABLE_FOLDER_PATH)/LMessenger";
			};
			name = Release;
		};
		8DDF7DB32F57CFEF005F9340 /* Debug */ = {
			isa = XCBuildConfiguration;
			buildSettings = {
				CODE_SIGN_STYLE = Automatic;
				CURRENT_PROJECT_VERSION = 1;
				DEVELOPMENT_TEAM = GMHUACJXLZ;
				GENERATE_INFOPLIST_FILE = YES;
				MARKETING_VERSION = 1.0;
				PRODUCT_BUNDLE_IDENTIFIER = com.lonalia.LMessengerUITests;
				PRODUCT_NAME = "$(TARGET_NAME)";
				STRING_CATALOG_GENERATE_SYMBOLS = NO;
				SWIFT_APPROACHABLE_CONCURRENCY = YES;
				SWIFT_EMIT_LOC_STRINGS = NO;
				SWIFT_UPCOMING_FEATURE_MEMBER_IMPORT_VISIBILITY = YES;
				SWIFT_VERSION = 5.0;
				TARGETED_DEVICE_FAMILY = "1,2";
				TEST_TARGET_NAME = LMessenger;
			};
			name = Debug;
		};
		8DDF7DB42F57CFEF005F9340 /* Release */ = {
			isa = XCBuildConfiguration;
			buildSettings = {
				CODE_SIGN_STYLE = Automatic;
				CURRENT_PROJECT_VERSION = 1;
				DEVELOPMENT_TEAM = GMHUACJXLZ;
				GENERATE_INFOPLIST_FILE = YES;
				MARKETING_VERSION = 1.0;
				PRODUCT_BUNDLE_IDENTIFIER = com.lonalia.LMessengerUITests;
				PRODUCT_NAME = "$(TARGET_NAME)";
				STRING_CATALOG_GENERATE_SYMBOLS = NO;
				SWIFT_APPROACHABLE_CONCURRENCY = YES;
				SWIFT_EMIT_LOC_STRINGS = NO;
				SWIFT_UPCOMING_FEATURE_MEMBER_IMPORT_VISIBILITY = YES;
				SWIFT_VERSION = 5.0;
				TARGETED_DEVICE_FAMILY = "1,2";
				TEST_TARGET_NAME = LMessenger;
			};
			name = Release;
		};
/* End XCBuildConfiguration section */

/* Begin XCConfigurationList section */
		8DDF7D862F57CFEE005F9340 /* Build configuration list for PBXProject "LMessenger" */ = {
			isa = XCConfigurationList;
			buildConfigurations = (
				8DDF7DAA2F57CFEF005F9340 /* Debug */,
				8DDF7DAB2F57CFEF005F9340 /* Release */,
			);
			defaultConfigurationIsVisible = 0;
			defaultConfigurationName = Release;
		};
		8DDF7DAC2F57CFEF005F9340 /* Build configuration list for PBXNativeTarget "LMessenger" */ = {
			isa = XCConfigurationList;
			buildConfigurations = (
				8DDF7DAD2F57CFEF005F9340 /* Debug */,
				8DDF7DAE2F57CFEF005F9340 /* Release */,
			);
			defaultConfigurationIsVisible = 0;
			defaultConfigurationName = Release;
		};
		8DDF7DAF2F57CFEF005F9340 /* Build configuration list for PBXNativeTarget "LMessengerTests" */ = {
			isa = XCConfigurationList;
			buildConfigurations = (
				8DDF7DB02F57CFEF005F9340 /* Debug */,
				8DDF7DB12F57CFEF005F9340 /* Release */,
			);
			defaultConfigurationIsVisible = 0;
			defaultConfigurationName = Release;
		};
		8DDF7DB22F57CFEF005F9340 /* Build configuration list for PBXNativeTarget "LMessengerUITests" */ = {
			isa = XCConfigurationList;
			buildConfigurations = (
				8DDF7DB32F57CFEF005F9340 /* Debug */,
				8DDF7DB42F57CFEF005F9340 /* Release */,
			);
			defaultConfigurationIsVisible = 0;
			defaultConfigurationName = Release;
		};
/* End XCConfigurationList section */
	};
	rootObject = 8DDF7D832F57CFEE005F9340 /* Project object */;
}
