// !$*UTF8*$!
{
	archiveVersion = 1;
	classes = {
	};
	objectVersion = 56;
	objects = {

/* Begin PBXBuildFile section */
		8D069CCE2BED01F30023CD0E /* FastSwiftBasicApp.swift in Sources */ = {isa = PBXBuildFile; fileRef = 8D069CCD2BED01F30023CD0E /* FastSwiftBasicApp.swift */; };
		8D069CD02BED01F30023CD0E /* ContentView.swift in Sources */ = {isa = PBXBuildFile; fileRef = 8D069CCF2BED01F30023CD0E /* ContentView.swift */; };
		8D069CD22BED01F40023CD0E /* Assets.xcassets in Resources */ = {isa = PBXBuildFile; fileRef = 8D069CD12BED01F40023CD0E /* Assets.xcassets */; };
		8D069CD52BED01F40023CD0E /* Preview Assets.xcassets in Resources */ = {isa = PBXBuildFile; fileRef = 8D069CD42BED01F40023CD0E /* Preview Assets.xcassets */; };
		8D069CDF2BED01F40023CD0E /* FastSwiftBasicTests.swift in Sources */ = {isa = PBXBuildFile; fileRef = 8D069CDE2BED01F40023CD0E /* FastSwiftBasicTests.swift */; };
		8D069CE92BED01F40023CD0E /* FastSwiftBasicUITests.swift in Sources */ = {isa = PBXBuildFile; fileRef = 8D069CE82BED01F40023CD0E /* FastSwiftBasicUITests.swift */; };
		8D069CEB2BED01F40023CD0E /* FastSwiftBasicUITestsLaunchTests.swift in Sources */ = {isa = PBXBuildFile; fileRef = 8D069CEA2BED01F40023CD0E /* FastSwiftBasicUITestsLaunchTests.swift */; };
		8D4D46002C08BB5D0093DAF0 /* MyCar.swift in Sources */ = {isa = PBXBuildFile; fileRef = 8D4D45FF2C08BB5D0093DAF0 /* MyCar.swift */; };
		8D544F4A2BF3AC7E005B3976 /* VariableType.swift in Sources */ = {isa = PBXBuildFile; fileRef = 8D544F492BF3AC7E005B3976 /* VariableType.swift */; };
		8D7BE47C2C06145200112B67 /* Nil.swift in Sources */ = {isa = PBXBuildFile; fileRef = 8D7BE47B2C06145200112B67 /* Nil.swift */; };
		8D7BE47E2C061B2700112B67 /* Option.swift in Sources */ = {isa = PBXBuildFile; fileRef = 8D7BE47D2C061B2700112B67 /* Option.swift */; };
		8D889F592C0B51F600601CB1 /* MyGeneric.swift in Sources */ = {isa = PBXBuildFile; fileRef = 8D889F582C0B51F600601CB1 /* MyGeneric.swift */; };
		8DACE6B02BFE2782000117A7 /* MyCollections.swift in Sources */ = {isa = PBXBuildFile; fileRef = 8DACE6AF2BFE2782000117A7 /* MyCollections.swift */; };
		8DACE6B22BFE3322000117A7 /* Condition.swift in Sources */ = {isa = PBXBuildFile; fileRef = 8DACE6B12BFE3322000117A7 /* Condition.swift */; };
		8DC048B72C020EF200A620BC /* Function.swift in Sources */ = {isa = PBXBuildFile; fileRef = 8DC048B62C020EF200A620BC /* Function.swift */; };
		8DC048B92C02133500A620BC /* Half.swift in Sources */ = {isa = PBXBuildFile; fileRef = 8DC048B82C02133500A620BC /* Half.swift */; };
		8DC048BB2C02F8CB00A620BC /* Elevator.swift in Sources */ = {isa = PBXBuildFile; fileRef = 8DC048BA2C02F8CB00A620BC /* Elevator.swift */; };
		8DC048C82C03639700A620BC /* Diff.swift in Sources */ = {isa = PBXBuildFile; fileRef = 8DC048C72C03639700A620BC /* Diff.swift */; };
		8DC45E952BFF81D500C4DB1F /* Loop.swift in Sources */ = {isa = PBXBuildFile; fileRef = 8DC45E942BFF81D500C4DB1F /* Loop.swift */; };
		8DCAB73C2C04B99700E0B20F /* Choice.swift in Sources */ = {isa = PBXBuildFile; fileRef = 8DCAB73B2C04B99700E0B20F /* Choice.swift */; };
		8DCAB73E2C04CBD400E0B20F /* Selection.swift in Sources */ = {isa = PBXBuildFile; fileRef = 8DCAB73D2C04CBD400E0B20F /* Selection.swift */; };
		8DFE30EF2C07626B00044273 /* Sample.swift in Sources */ = {isa = PBXBuildFile; fileRef = 8DFE30EE2C07626B00044273 /* Sample.swift */; };
		8DFE30F32C07673600044273 /* Exception.swift in Sources */ = {isa = PBXBuildFile; fileRef = 8DFE30F22C07673600044273 /* Exception.swift */; };
/* End PBXBuildFile section */

/* Begin PBXContainerItemProxy section */
		8D069CDB2BED01F40023CD0E /* PBXContainerItemProxy */ = {
			isa = PBXContainerItemProxy;
			containerPortal = 8D069CC22BED01F30023CD0E /* Project object */;
			proxyType = 1;
			remoteGlobalIDString = 8D069CC92BED01F30023CD0E;
			remoteInfo = FastSwiftBasic;
		};
		8D069CE52BED01F40023CD0E /* PBXContainerItemProxy */ = {
			isa = PBXContainerItemProxy;
			containerPortal = 8D069CC22BED01F30023CD0E /* Project object */;
			proxyType = 1;
			remoteGlobalIDString = 8D069CC92BED01F30023CD0E;
			remoteInfo = FastSwiftBasic;
		};
/* End PBXContainerItemProxy section */

/* Begin PBXFileReference section */
		8D069CCA2BED01F30023CD0E /* FastSwiftBasic.app */ = {isa = PBXFileReference; explicitFileType = wrapper.application; includeInIndex = 0; path = FastSwiftBasic.app; sourceTree = BUILT_PRODUCTS_DIR; };
		8D069CCD2BED01F30023CD0E /* FastSwiftBasicApp.swift */ = {isa = PBXFileReference; lastKnownFileType = sourcecode.swift; path = FastSwiftBasicApp.swift; sourceTree = "<group>"; };
		8D069CCF2BED01F30023CD0E /* ContentView.swift */ = {isa = PBXFileReference; lastKnownFileType = sourcecode.swift; path = ContentView.swift; sourceTree = "<group>"; };
		8D069CD12BED01F40023CD0E /* Assets.xcassets */ = {isa = PBXFileReference; lastKnownFileType = folder.assetcatalog; path = Assets.xcassets; sourceTree = "<group>"; };
		8D069CD42BED01F40023CD0E /* Preview Assets.xcassets */ = {isa = PBXFileReference; lastKnownFileType = folder.assetcatalog; path = "Preview Assets.xcassets"; sourceTree = "<group>"; };
		8D069CDA2BED01F40023CD0E /* FastSwiftBasicTests.xctest */ = {isa = PBXFileReference; explicitFileType = wrapper.cfbundle; includeInIndex = 0; path = FastSwiftBasicTests.xctest; sourceTree = BUILT_PRODUCTS_DIR; };
		8D069CDE2BED01F40023CD0E /* FastSwiftBasicTests.swift */ = {isa = PBXFileReference; lastKnownFileType = sourcecode.swift; path = FastSwiftBasicTests.swift; sourceTree = "<group>"; };
		8D069CE42BED01F40023CD0E /* FastSwiftBasicUITests.xctest */ = {isa = PBXFileReference; explicitFileType = wrapper.cfbundle; includeInIndex = 0; path = FastSwiftBasicUITests.xctest; sourceTree = BUILT_PRODUCTS_DIR; };
		8D069CE82BED01F40023CD0E /* FastSwiftBasicUITests.swift */ = {isa = PBXFileReference; lastKnownFileType = sourcecode.swift; path = FastSwiftBasicUITests.swift; sourceTree = "<group>"; };
		8D069CEA2BED01F40023CD0E /* FastSwiftBasicUITestsLaunchTests.swift */ = {isa = PBXFileReference; lastKnownFileType = sourcecode.swift; path = FastSwiftBasicUITestsLaunchTests.swift; sourceTree = "<group>"; };
		8D4D45FF2C08BB5D0093DAF0 /* MyCar.swift */ = {isa = PBXFileReference; lastKnownFileType = sourcecode.swift; path = MyCar.swift; sourceTree = "<group>"; };
		8D544F492BF3AC7E005B3976 /* VariableType.swift */ = {isa = PBXFileReference; lastKnownFileType = sourcecode.swift; path = VariableType.swift; sourceTree = "<group>"; };
		8D7BE47B2C06145200112B67 /* Nil.swift */ = {isa = PBXFileReference; lastKnownFileType = sourcecode.swift; path = Nil.swift; sourceTree = "<group>"; };
		8D7BE47D2C061B2700112B67 /* Option.swift */ = {isa = PBXFileReference; lastKnownFileType = sourcecode.swift; path = Option.swift; sourceTree = "<group>"; };
		8D889F582C0B51F600601CB1 /* MyGeneric.swift */ = {isa = PBXFileReference; lastKnownFileType = sourcecode.swift; path = MyGeneric.swift; sourceTree = "<group>"; };
		8DACE6AF2BFE2782000117A7 /* MyCollections.swift */ = {isa = PBXFileReference; lastKnownFileType = sourcecode.swift; path = MyCollections.swift; sourceTree = "<group>"; };
		8DACE6B12BFE3322000117A7 /* Condition.swift */ = {isa = PBXFileReference; lastKnownFileType = sourcecode.swift; path = Condition.swift; sourceTree = "<group>"; };
		8DC048B62C020EF200A620BC /* Function.swift */ = {isa = PBXFileReference; lastKnownFileType = sourcecode.swift; path = Function.swift; sourceTree = "<group>"; };
		8DC048B82C02133500A620BC /* Half.swift */ = {isa = PBXFileReference; lastKnownFileType = sourcecode.swift; path = Half.swift; sourceTree = "<group>"; };
		8DC048BA2C02F8CB00A620BC /* Elevator.swift */ = {isa = PBXFileReference; lastKnownFileType = sourcecode.swift; path = Elevator.swift; sourceTree = "<group>"; };
		8DC048C72C03639700A620BC /* Diff.swift */ = {isa = PBXFileReference; lastKnownFileType = sourcecode.swift; path = Diff.swift; sourceTree = "<group>"; };
		8DC45E942BFF81D500C4DB1F /* Loop.swift */ = {isa = PBXFileReference; lastKnownFileType = sourcecode.swift; path = Loop.swift; sourceTree = "<group>"; };
		8DCAB73B2C04B99700E0B20F /* Choice.swift */ = {isa = PBXFileReference; lastKnownFileType = sourcecode.swift; path = Choice.swift; sourceTree = "<group>"; };
		8DCAB73D2C04CBD400E0B20F /* Selection.swift */ = {isa = PBXFileReference; lastKnownFileType = sourcecode.swift; path = Selection.swift; sourceTree = "<group>"; };
		8DFE30EE2C07626B00044273 /* Sample.swift */ = {isa = PBXFileReference; lastKnownFileType = sourcecode.swift; path = Sample.swift; sourceTree = "<group>"; };
		8DFE30F22C07673600044273 /* Exception.swift */ = {isa = PBXFileReference; lastKnownFileType = sourcecode.swift; path = Exception.swift; sourceTree = "<group>"; };
/* End PBXFileReference section */

/* Begin PBXFrameworksBuildPhase section */
		8D069CC72BED01F30023CD0E /* Frameworks */ = {
			isa = PBXFrameworksBuildPhase;
			buildActionMask = 2147483647;
			files = (
			);
			runOnlyForDeploymentPostprocessing = 0;
		};
		8D069CD72BED01F40023CD0E /* Frameworks */ = {
			isa = PBXFrameworksBuildPhase;
			buildActionMask = 2147483647;
			files = (
			);
			runOnlyForDeploymentPostprocessing = 0;
		};
		8D069CE12BED01F40023CD0E /* Frameworks */ = {
			isa = PBXFrameworksBuildPhase;
			buildActionMask = 2147483647;
			files = (
			);
			runOnlyForDeploymentPostprocessing = 0;
		};
/* End PBXFrameworksBuildPhase section */

/* Begin PBXGroup section */
		8D069CC12BED01F30023CD0E = {
			isa = PBXGroup;
			children = (
				8D069CCC2BED01F30023CD0E /* FastSwiftBasic */,
				8D069CDD2BED01F40023CD0E /* FastSwiftBasicTests */,
				8D069CE72BED01F40023CD0E /* FastSwiftBasicUITests */,
				8D069CCB2BED01F30023CD0E /* Products */,
			);
			sourceTree = "<group>";
		};
		8D069CCB2BED01F30023CD0E /* Products */ = {
			isa = PBXGroup;
			children = (
				8D069CCA2BED01F30023CD0E /* FastSwiftBasic.app */,
				8D069CDA2BED01F40023CD0E /* FastSwiftBasicTests.xctest */,
				8D069CE42BED01F40023CD0E /* FastSwiftBasicUITests.xctest */,
			);
			name = Products;
			sourceTree = "<group>";
		};
		8D069CCC2BED01F30023CD0E /* FastSwiftBasic */ = {
			isa = PBXGroup;
			children = (
				8D069CCD2BED01F30023CD0E /* FastSwiftBasicApp.swift */,
				8D069CCF2BED01F30023CD0E /* ContentView.swift */,
				8DACE6AF2BFE2782000117A7 /* MyCollections.swift */,
				8D544F492BF3AC7E005B3976 /* VariableType.swift */,
				8DACE6B12BFE3322000117A7 /* Condition.swift */,
				8DC45E942BFF81D500C4DB1F /* Loop.swift */,
				8DC048B62C020EF200A620BC /* Function.swift */,
				8DC048B82C02133500A620BC /* Half.swift */,
				8DC048BA2C02F8CB00A620BC /* Elevator.swift */,
				8DC048C72C03639700A620BC /* Diff.swift */,
				8DCAB73B2C04B99700E0B20F /* Choice.swift */,
				8DCAB73D2C04CBD400E0B20F /* Selection.swift */,
				8D7BE47B2C06145200112B67 /* Nil.swift */,
				8D7BE47D2C061B2700112B67 /* Option.swift */,
				8DFE30EE2C07626B00044273 /* Sample.swift */,
				8DFE30F22C07673600044273 /* Exception.swift */,
				8D4D45FF2C08BB5D0093DAF0 /* MyCar.swift */,
				8D889F582C0B51F600601CB1 /* MyGeneric.swift */,
				8D069CD12BED01F40023CD0E /* Assets.xcassets */,
				8D069CD32BED01F40023CD0E /* Preview Content */,
			);
			path = FastSwiftBasic;
			sourceTree = "<group>";
		};
		8D069CD32BED01F40023CD0E /* Preview Content */ = {
			isa = PBXGroup;
			children = (
				8D069CD42BED01F40023CD0E /* Preview Assets.xcassets */,
			);
			path = "Preview Content";
			sourceTree = "<group>";
		};
		8D069CDD2BED01F40023CD0E /* FastSwiftBasicTests */ = {
			isa = PBXGroup;
			children = (
				8D069CDE2BED01F40023CD0E /* FastSwiftBasicTests.swift */,
			);
			path = FastSwiftBasicTests;
			sourceTree = "<group>";
		};
		8D069CE72BED01F40023CD0E /* FastSwiftBasicUITests */ = {
			isa = PBXGroup;
			children = (
				8D069CE82BED01F40023CD0E /* FastSwiftBasicUITests.swift */,
				8D069CEA2BED01F40023CD0E /* FastSwiftBasicUITestsLaunchTests.swift */,
			);
			path = FastSwiftBasicUITests;
			sourceTree = "<group>";
		};
/* End PBXGroup section */

/* Begin PBXNativeTarget section */
		8D069CC92BED01F30023CD0E /* FastSwiftBasic */ = {
			isa = PBXNativeTarget;
			buildConfigurationList = 8D069CEE2BED01F40023CD0E /* Build configuration list for PBXNativeTarget "FastSwiftBasic" */;
			buildPhases = (
				8D069CC62BED01F30023CD0E /* Sources */,
				8D069CC72BED01F30023CD0E /* Frameworks */,
				8D069CC82BED01F30023CD0E /* Resources */,
			);
			buildRules = (
			);
			dependencies = (
			);
			name = FastSwiftBasic;
			productName = FastSwiftBasic;
			productReference = 8D069CCA2BED01F30023CD0E /* FastSwiftBasic.app */;
			productType = "com.apple.product-type.application";
		};
		8D069CD92BED01F40023CD0E /* FastSwiftBasicTests */ = {
			isa = PBXNativeTarget;
			buildConfigurationList = 8D069CF12BED01F40023CD0E /* Build configuration list for PBXNativeTarget "FastSwiftBasicTests" */;
			buildPhases = (
				8D069CD62BED01F40023CD0E /* Sources */,
				8D069CD72BED01F40023CD0E /* Frameworks */,
				8D069CD82BED01F40023CD0E /* Resources */,
			);
			buildRules = (
			);
			dependencies = (
				8D069CDC2BED01F40023CD0E /* PBXTargetDependency */,
			);
			name = FastSwiftBasicTests;
			productName = FastSwiftBasicTests;
			productReference = 8D069CDA2BED01F40023CD0E /* FastSwiftBasicTests.xctest */;
			productType = "com.apple.product-type.bundle.unit-test";
		};
		8D069CE32BED01F40023CD0E /* FastSwiftBasicUITests */ = {
			isa = PBXNativeTarget;
			buildConfigurationList = 8D069CF42BED01F40023CD0E /* Build configuration list for PBXNativeTarget "FastSwiftBasicUITests" */;
			buildPhases = (
				8D069CE02BED01F40023CD0E /* Sources */,
				8D069CE12BED01F40023CD0E /* Frameworks */,
				8D069CE22BED01F40023CD0E /* Resources */,
			);
			buildRules = (
			);
			dependencies = (
				8D069CE62BED01F40023CD0E /* PBXTargetDependency */,
			);
			name = FastSwiftBasicUITests;
			productName = FastSwiftBasicUITests;
			productReference = 8D069CE42BED01F40023CD0E /* FastSwiftBasicUITests.xctest */;
			productType = "com.apple.product-type.bundle.ui-testing";
		};
/* End PBXNativeTarget section */

/* Begin PBXProject section */
		8D069CC22BED01F30023CD0E /* Project object */ = {
			isa = PBXProject;
			attributes = {
				BuildIndependentTargetsInParallel = 1;
				LastSwiftUpdateCheck = 1530;
				LastUpgradeCheck = 1530;
				TargetAttributes = {
					8D069CC92BED01F30023CD0E = {
						CreatedOnToolsVersion = 15.3;
					};
					8D069CD92BED01F40023CD0E = {
						CreatedOnToolsVersion = 15.3;
						TestTargetID = 8D069CC92BED01F30023CD0E;
					};
					8D069CE32BED01F40023CD0E = {
						CreatedOnToolsVersion = 15.3;
						TestTargetID = 8D069CC92BED01F30023CD0E;
					};
				};
			};
			buildConfigurationList = 8D069CC52BED01F30023CD0E /* Build configuration list for PBXProject "FastSwiftBasic" */;
			compatibilityVersion = "Xcode 14.0";
			developmentRegion = en;
			hasScannedForEncodings = 0;
			knownRegions = (
				en,
				Base,
			);
			mainGroup = 8D069CC12BED01F30023CD0E;
			productRefGroup = 8D069CCB2BED01F30023CD0E /* Products */;
			projectDirPath = "";
			projectRoot = "";
			targets = (
				8D069CC92BED01F30023CD0E /* FastSwiftBasic */,
				8D069CD92BED01F40023CD0E /* FastSwiftBasicTests */,
				8D069CE32BED01F40023CD0E /* FastSwiftBasicUITests */,
			);
		};
/* End PBXProject section */

/* Begin PBXResourcesBuildPhase section */
		8D069CC82BED01F30023CD0E /* Resources */ = {
			isa = PBXResourcesBuildPhase;
			buildActionMask = 2147483647;
			files = (
				8D069CD52BED01F40023CD0E /* Preview Assets.xcassets in Resources */,
				8D069CD22BED01F40023CD0E /* Assets.xcassets in Resources */,
			);
			runOnlyForDeploymentPostprocessing = 0;
		};
		8D069CD82BED01F40023CD0E /* Resources */ = {
			isa = PBXResourcesBuildPhase;
			buildActionMask = 2147483647;
			files = (
			);
			runOnlyForDeploymentPostprocessing = 0;
		};
		8D069CE22BED01F40023CD0E /* Resources */ = {
			isa = PBXResourcesBuildPhase;
			buildActionMask = 2147483647;
			files = (
			);
			runOnlyForDeploymentPostprocessing = 0;
		};
/* End PBXResourcesBuildPhase section */

/* Begin PBXSourcesBuildPhase section */
		8D069CC62BED01F30023CD0E /* Sources */ = {
			isa = PBXSourcesBuildPhase;
			buildActionMask = 2147483647;
			files = (
				8DCAB73E2C04CBD400E0B20F /* Selection.swift in Sources */,
				8DC048B92C02133500A620BC /* Half.swift in Sources */,
				8D7BE47E2C061B2700112B67 /* Option.swift in Sources */,
				8D544F4A2BF3AC7E005B3976 /* VariableType.swift in Sources */,
				8DCAB73C2C04B99700E0B20F /* Choice.swift in Sources */,
				8D069CD02BED01F30023CD0E /* ContentView.swift in Sources */,
				8DC048B72C020EF200A620BC /* Function.swift in Sources */,
				8D069CCE2BED01F30023CD0E /* FastSwiftBasicApp.swift in Sources */,
				8DC45E952BFF81D500C4DB1F /* Loop.swift in Sources */,
				8DFE30F32C07673600044273 /* Exception.swift in Sources */,
				8D4D46002C08BB5D0093DAF0 /* MyCar.swift in Sources */,
				8D7BE47C2C06145200112B67 /* Nil.swift in Sources */,
				8DFE30EF2C07626B00044273 /* Sample.swift in Sources */,
				8DC048C82C03639700A620BC /* Diff.swift in Sources */,
				8DACE6B02BFE2782000117A7 /* MyCollections.swift in Sources */,
				8DACE6B22BFE3322000117A7 /* Condition.swift in Sources */,
				8DC048BB2C02F8CB00A620BC /* Elevator.swift in Sources */,
				8D889F592C0B51F600601CB1 /* MyGeneric.swift in Sources */,
			);
			runOnlyForDeploymentPostprocessing = 0;
		};
		8D069CD62BED01F40023CD0E /* Sources */ = {
			isa = PBXSourcesBuildPhase;
			buildActionMask = 2147483647;
			files = (
				8D069CDF2BED01F40023CD0E /* FastSwiftBasicTests.swift in Sources */,
			);
			runOnlyForDeploymentPostprocessing = 0;
		};
		8D069CE02BED01F40023CD0E /* Sources */ = {
			isa = PBXSourcesBuildPhase;
			buildActionMask = 2147483647;
			files = (
				8D069CE92BED01F40023CD0E /* FastSwiftBasicUITests.swift in Sources */,
				8D069CEB2BED01F40023CD0E /* FastSwiftBasicUITestsLaunchTests.swift in Sources */,
			);
			runOnlyForDeploymentPostprocessing = 0;
		};
/* End PBXSourcesBuildPhase section */

/* Begin PBXTargetDependency section */
		8D069CDC2BED01F40023CD0E /* PBXTargetDependency */ = {
			isa = PBXTargetDependency;
			target = 8D069CC92BED01F30023CD0E /* FastSwiftBasic */;
			targetProxy = 8D069CDB2BED01F40023CD0E /* PBXContainerItemProxy */;
		};
		8D069CE62BED01F40023CD0E /* PBXTargetDependency */ = {
			isa = PBXTargetDependency;
			target = 8D069CC92BED01F30023CD0E /* FastSwiftBasic */;
			targetProxy = 8D069CE52BED01F40023CD0E /* PBXContainerItemProxy */;
		};
/* End PBXTargetDependency section */

/* Begin XCBuildConfiguration section */
		8D069CEC2BED01F40023CD0E /* Debug */ = {
			isa = XCBuildConfiguration;
			buildSettings = {
				ALWAYS_SEARCH_USER_PATHS = NO;
				ASSETCATALOG_COMPILER_GENERATE_SWIFT_ASSET_SYMBOL_EXTENSIONS = YES;
				CLANG_ANALYZER_NONNULL = YES;
				CLANG_ANALYZER_NUMBER_OBJECT_CONVERSION = YES_AGGRESSIVE;
				CLANG_CXX_LANGUAGE_STANDARD = "gnu++20";
				CLANG_ENABLE_MODULES = YES;
				CLANG_ENABLE_OBJC_ARC = YES;
				CLANG_ENABLE_OBJC_WEAK = YES;
				CLANG_WARN_BLOCK_CAPTURE_AUTORELEASING = YES;
				CLANG_WARN_BOOL_CONVERSION = YES;
				CLANG_WARN_COMMA = YES;
				CLANG_WARN_CONSTANT_CONVERSION = YES;
				CLANG_WARN_DEPRECATED_OBJC_IMPLEMENTATIONS = YES;
				CLANG_WARN_DIRECT_OBJC_ISA_USAGE = YES_ERROR;
				CLANG_WARN_DOCUMENTATION_COMMENTS = YES;
				CLANG_WARN_EMPTY_BODY = YES;
				CLANG_WARN_ENUM_CONVERSION = YES;
				CLANG_WARN_INFINITE_RECURSION = YES;
				CLANG_WARN_INT_CONVERSION = YES;
				CLANG_WARN_NON_LITERAL_NULL_CONVERSION = YES;
				CLANG_WARN_OBJC_IMPLICIT_RETAIN_SELF = YES;
				CLANG_WARN_OBJC_LITERAL_CONVERSION = YES;
				CLANG_WARN_OBJC_ROOT_CLASS = YES_ERROR;
				CLANG_WARN_QUOTED_INCLUDE_IN_FRAMEWORK_HEADER = YES;
				CLANG_WARN_RANGE_LOOP_ANALYSIS = YES;
				CLANG_WARN_STRICT_PROTOTYPES = YES;
				CLANG_WARN_SUSPICIOUS_MOVE = YES;
				CLANG_WARN_UNGUARDED_AVAILABILITY = YES_AGGRESSIVE;
				CLANG_WARN_UNREACHABLE_CODE = YES;
				CLANG_WARN__DUPLICATE_METHOD_MATCH = YES;
				COPY_PHASE_STRIP = NO;
				DEBUG_INFORMATION_FORMAT = dwarf;
				ENABLE_STRICT_OBJC_MSGSEND = YES;
				ENABLE_TESTABILITY = YES;
				ENABLE_USER_SCRIPT_SANDBOXING = YES;
				GCC_C_LANGUAGE_STANDARD = gnu17;
				GCC_DYNAMIC_NO_PIC = NO;
				GCC_NO_COMMON_BLOCKS = YES;
				GCC_OPTIMIZATION_LEVEL = 0;
				GCC_PREPROCESSOR_DEFINITIONS = (
					"DEBUG=1",
					"$(inherited)",
				);
				GCC_WARN_64_TO_32_BIT_CONVERSION = YES;
				GCC_WARN_ABOUT_RETURN_TYPE = YES_ERROR;
				GCC_WARN_UNDECLARED_SELECTOR = YES;
				GCC_WARN_UNINITIALIZED_AUTOS = YES_AGGRESSIVE;
				GCC_WARN_UNUSED_FUNCTION = YES;
				GCC_WARN_UNUSED_VARIABLE = YES;
				IPHONEOS_DEPLOYMENT_TARGET = 17.4;
				LOCALIZATION_PREFERS_STRING_CATALOGS = YES;
				MTL_ENABLE_DEBUG_INFO = INCLUDE_SOURCE;
				MTL_FAST_MATH = YES;
				ONLY_ACTIVE_ARCH = YES;
				SDKROOT = iphoneos;
				SWIFT_ACTIVE_COMPILATION_CONDITIONS = "DEBUG $(inherited)";
				SWIFT_OPTIMIZATION_LEVEL = "-Onone";
			};
			name = Debug;
		};
		8D069CED2BED01F40023CD0E /* Release */ = {
			isa = XCBuildConfiguration;
			buildSettings = {
				ALWAYS_SEARCH_USER_PATHS = NO;
				ASSETCATALOG_COMPILER_GENERATE_SWIFT_ASSET_SYMBOL_EXTENSIONS = YES;
				CLANG_ANALYZER_NONNULL = YES;
				CLANG_ANALYZER_NUMBER_OBJECT_CONVERSION = YES_AGGRESSIVE;
				CLANG_CXX_LANGUAGE_STANDARD = "gnu++20";
				CLANG_ENABLE_MODULES = YES;
				CLANG_ENABLE_OBJC_ARC = YES;
				CLANG_ENABLE_OBJC_WEAK = YES;
				CLANG_WARN_BLOCK_CAPTURE_AUTORELEASING = YES;
				CLANG_WARN_BOOL_CONVERSION = YES;
				CLANG_WARN_COMMA = YES;
				CLANG_WARN_CONSTANT_CONVERSION = YES;
				CLANG_WARN_DEPRECATED_OBJC_IMPLEMENTATIONS = YES;
				CLANG_WARN_DIRECT_OBJC_ISA_USAGE = YES_ERROR;
				CLANG_WARN_DOCUMENTATION_COMMENTS = YES;
				CLANG_WARN_EMPTY_BODY = YES;
				CLANG_WARN_ENUM_CONVERSION = YES;
				CLANG_WARN_INFINITE_RECURSION = YES;
				CLANG_WARN_INT_CONVERSION = YES;
				CLANG_WARN_NON_LITERAL_NULL_CONVERSION = YES;
				CLANG_WARN_OBJC_IMPLICIT_RETAIN_SELF = YES;
				CLANG_WARN_OBJC_LITERAL_CONVERSION = YES;
				CLANG_WARN_OBJC_ROOT_CLASS = YES_ERROR;
				CLANG_WARN_QUOTED_INCLUDE_IN_FRAMEWORK_HEADER = YES;
				CLANG_WARN_RANGE_LOOP_ANALYSIS = YES;
				CLANG_WARN_STRICT_PROTOTYPES = YES;
				CLANG_WARN_SUSPICIOUS_MOVE = YES;
				CLANG_WARN_UNGUARDED_AVAILABILITY = YES_AGGRESSIVE;
				CLANG_WARN_UNREACHABLE_CODE = YES;
				CLANG_WARN__DUPLICATE_METHOD_MATCH = YES;
				COPY_PHASE_STRIP = NO;
				DEBUG_INFORMATION_FORMAT = "dwarf-with-dsym";
				ENABLE_NS_ASSERTIONS = NO;
				ENABLE_STRICT_OBJC_MSGSEND = YES;
				ENABLE_USER_SCRIPT_SANDBOXING = YES;
				GCC_C_LANGUAGE_STANDARD = gnu17;
				GCC_NO_COMMON_BLOCKS = YES;
				GCC_WARN_64_TO_32_BIT_CONVERSION = YES;
				GCC_WARN_ABOUT_RETURN_TYPE = YES_ERROR;
				GCC_WARN_UNDECLARED_SELECTOR = YES;
				GCC_WARN_UNINITIALIZED_AUTOS = YES_AGGRESSIVE;
				GCC_WARN_UNUSED_FUNCTION = YES;
				GCC_WARN_UNUSED_VARIABLE = YES;
				IPHONEOS_DEPLOYMENT_TARGET = 17.4;
				LOCALIZATION_PREFERS_STRING_CATALOGS = YES;
				MTL_ENABLE_DEBUG_INFO = NO;
				MTL_FAST_MATH = YES;
				SDKROOT = iphoneos;
				SWIFT_COMPILATION_MODE = wholemodule;
				VALIDATE_PRODUCT = YES;
			};
			name = Release;
		};
		8D069CEF2BED01F40023CD0E /* Debug */ = {
			isa = XCBuildConfiguration;
			buildSettings = {
				ASSETCATALOG_COMPILER_APPICON_NAME = AppIcon;
				ASSETCATALOG_COMPILER_GLOBAL_ACCENT_COLOR_NAME = AccentColor;
				CODE_SIGN_STYLE = Automatic;
				CURRENT_PROJECT_VERSION = 1;
				DEVELOPMENT_ASSET_PATHS = "\"FastSwiftBasic/Preview Content\"";
				DEVELOPMENT_TEAM = GMHUACJXLZ;
				ENABLE_PREVIEWS = YES;
				GENERATE_INFOPLIST_FILE = YES;
				INFOPLIST_KEY_UIApplicationSceneManifest_Generation = YES;
				INFOPLIST_KEY_UIApplicationSupportsIndirectInputEvents = YES;
				INFOPLIST_KEY_UILaunchScreen_Generation = YES;
				INFOPLIST_KEY_UISupportedInterfaceOrientations_iPad = "UIInterfaceOrientationPortrait UIInterfaceOrientationPortraitUpsideDown UIInterfaceOrientationLandscapeLeft UIInterfaceOrientationLandscapeRight";
				INFOPLIST_KEY_UISupportedInterfaceOrientations_iPhone = "UIInterfaceOrientationPortrait UIInterfaceOrientationLandscapeLeft UIInterfaceOrientationLandscapeRight";
				LD_RUNPATH_SEARCH_PATHS = (
					"$(inherited)",
					"@executable_path/Frameworks",
				);
				MARKETING_VERSION = 1.0;
				PRODUCT_BUNDLE_IDENTIFIER = com.lonalia.FastSwiftBasic;
				PRODUCT_NAME = "$(TARGET_NAME)";
				SWIFT_EMIT_LOC_STRINGS = YES;
				SWIFT_VERSION = 5.0;
				TARGETED_DEVICE_FAMILY = "1,2";
			};
			name = Debug;
		};
		8D069CF02BED01F40023CD0E /* Release */ = {
			isa = XCBuildConfiguration;
			buildSettings = {
				ASSETCATALOG_COMPILER_APPICON_NAME = AppIcon;
				ASSETCATALOG_COMPILER_GLOBAL_ACCENT_COLOR_NAME = AccentColor;
				CODE_SIGN_STYLE = Automatic;
				CURRENT_PROJECT_VERSION = 1;
				DEVELOPMENT_ASSET_PATHS = "\"FastSwiftBasic/Preview Content\"";
				DEVELOPMENT_TEAM = GMHUACJXLZ;
				ENABLE_PREVIEWS = YES;
				GENERATE_INFOPLIST_FILE = YES;
				INFOPLIST_KEY_UIApplicationSceneManifest_Generation = YES;
				INFOPLIST_KEY_UIApplicationSupportsIndirectInputEvents = YES;
				INFOPLIST_KEY_UILaunchScreen_Generation = YES;
				INFOPLIST_KEY_UISupportedInterfaceOrientations_iPad = "UIInterfaceOrientationPortrait UIInterfaceOrientationPortraitUpsideDown UIInterfaceOrientationLandscapeLeft UIInterfaceOrientationLandscapeRight";
				INFOPLIST_KEY_UISupportedInterfaceOrientations_iPhone = "UIInterfaceOrientationPortrait UIInterfaceOrientationLandscapeLeft UIInterfaceOrientationLandscapeRight";
				LD_RUNPATH_SEARCH_PATHS = (
					"$(inherited)",
					"@executable_path/Frameworks",
				);
				MARKETING_VERSION = 1.0;
				PRODUCT_BUNDLE_IDENTIFIER = com.lonalia.FastSwiftBasic;
				PRODUCT_NAME = "$(TARGET_NAME)";
				SWIFT_EMIT_LOC_STRINGS = YES;
				SWIFT_VERSION = 5.0;
				TARGETED_DEVICE_FAMILY = "1,2";
			};
			name = Release;
		};
		8D069CF22BED01F40023CD0E /* Debug */ = {
			isa = XCBuildConfiguration;
			buildSettings = {
				ALWAYS_EMBED_SWIFT_STANDARD_LIBRARIES = YES;
				BUNDLE_LOADER = "$(TEST_HOST)";
				CODE_SIGN_STYLE = Automatic;
				CURRENT_PROJECT_VERSION = 1;
				DEVELOPMENT_TEAM = GMHUACJXLZ;
				GENERATE_INFOPLIST_FILE = YES;
				IPHONEOS_DEPLOYMENT_TARGET = 17.4;
				MARKETING_VERSION = 1.0;
				PRODUCT_BUNDLE_IDENTIFIER = com.lonalia.FastSwiftBasicTests;
				PRODUCT_NAME = "$(TARGET_NAME)";
				SWIFT_EMIT_LOC_STRINGS = NO;
				SWIFT_VERSION = 5.0;
				TARGETED_DEVICE_FAMILY = "1,2";
				TEST_HOST = "$(BUILT_PRODUCTS_DIR)/FastSwiftBasic.app/$(BUNDLE_EXECUTABLE_FOLDER_PATH)/FastSwiftBasic";
			};
			name = Debug;
		};
		8D069CF32BED01F40023CD0E /* Release */ = {
			isa = XCBuildConfiguration;
			buildSettings = {
				ALWAYS_EMBED_SWIFT_STANDARD_LIBRARIES = YES;
				BUNDLE_LOADER = "$(TEST_HOST)";
				CODE_SIGN_STYLE = Automatic;
				CURRENT_PROJECT_VERSION = 1;
				DEVELOPMENT_TEAM = GMHUACJXLZ;
				GENERATE_INFOPLIST_FILE = YES;
				IPHONEOS_DEPLOYMENT_TARGET = 17.4;
				MARKETING_VERSION = 1.0;
				PRODUCT_BUNDLE_IDENTIFIER = com.lonalia.FastSwiftBasicTests;
				PRODUCT_NAME = "$(TARGET_NAME)";
				SWIFT_EMIT_LOC_STRINGS = NO;
				SWIFT_VERSION = 5.0;
				TARGETED_DEVICE_FAMILY = "1,2";
				TEST_HOST = "$(BUILT_PRODUCTS_DIR)/FastSwiftBasic.app/$(BUNDLE_EXECUTABLE_FOLDER_PATH)/FastSwiftBasic";
			};
			name = Release;
		};
		8D069CF52BED01F40023CD0E /* Debug */ = {
			isa = XCBuildConfiguration;
			buildSettings = {
				ALWAYS_EMBED_SWIFT_STANDARD_LIBRARIES = YES;
				CODE_SIGN_STYLE = Automatic;
				CURRENT_PROJECT_VERSION = 1;
				DEVELOPMENT_TEAM = GMHUACJXLZ;
				GENERATE_INFOPLIST_FILE = YES;
				MARKETING_VERSION = 1.0;
				PRODUCT_BUNDLE_IDENTIFIER = com.lonalia.FastSwiftBasicUITests;
				PRODUCT_NAME = "$(TARGET_NAME)";
				SWIFT_EMIT_LOC_STRINGS = NO;
				SWIFT_VERSION = 5.0;
				TARGETED_DEVICE_FAMILY = "1,2";
				TEST_TARGET_NAME = FastSwiftBasic;
			};
			name = Debug;
		};
		8D069CF62BED01F40023CD0E /* Release */ = {
			isa = XCBuildConfiguration;
			buildSettings = {
				ALWAYS_EMBED_SWIFT_STANDARD_LIBRARIES = YES;
				CODE_SIGN_STYLE = Automatic;
				CURRENT_PROJECT_VERSION = 1;
				DEVELOPMENT_TEAM = GMHUACJXLZ;
				GENERATE_INFOPLIST_FILE = YES;
				MARKETING_VERSION = 1.0;
				PRODUCT_BUNDLE_IDENTIFIER = com.lonalia.FastSwiftBasicUITests;
				PRODUCT_NAME = "$(TARGET_NAME)";
				SWIFT_EMIT_LOC_STRINGS = NO;
				SWIFT_VERSION = 5.0;
				TARGETED_DEVICE_FAMILY = "1,2";
				TEST_TARGET_NAME = FastSwiftBasic;
			};
			name = Release;
		};
/* End XCBuildConfiguration section */

/* Begin XCConfigurationList section */
		8D069CC52BED01F30023CD0E /* Build configuration list for PBXProject "FastSwiftBasic" */ = {
			isa = XCConfigurationList;
			buildConfigurations = (
				8D069CEC2BED01F40023CD0E /* Debug */,
				8D069CED2BED01F40023CD0E /* Release */,
			);
			defaultConfigurationIsVisible = 0;
			defaultConfigurationName = Release;
		};
		8D069CEE2BED01F40023CD0E /* Build configuration list for PBXNativeTarget "FastSwiftBasic" */ = {
			isa = XCConfigurationList;
			buildConfigurations = (
				8D069CEF2BED01F40023CD0E /* Debug */,
				8D069CF02BED01F40023CD0E /* Release */,
			);
			defaultConfigurationIsVisible = 0;
			defaultConfigurationName = Release;
		};
		8D069CF12BED01F40023CD0E /* Build configuration list for PBXNativeTarget "FastSwiftBasicTests" */ = {
			isa = XCConfigurationList;
			buildConfigurations = (
				8D069CF22BED01F40023CD0E /* Debug */,
				8D069CF32BED01F40023CD0E /* Release */,
			);
			defaultConfigurationIsVisible = 0;
			defaultConfigurationName = Release;
		};
		8D069CF42BED01F40023CD0E /* Build configuration list for PBXNativeTarget "FastSwiftBasicUITests" */ = {
			isa = XCConfigurationList;
			buildConfigurations = (
				8D069CF52BED01F40023CD0E /* Debug */,
				8D069CF62BED01F40023CD0E /* Release */,
			);
			defaultConfigurationIsVisible = 0;
			defaultConfigurationName = Release;
		};
/* End XCConfigurationList section */
	};
	rootObject = 8D069CC22BED01F30023CD0E /* Project object */;
}
